// !$*UTF8*$!
{
	archiveVersion = 1;
	classes = {
	};
	objectVersion = 46;
	objects = {

/* Begin PBXBuildFile section */
		281499E31DAE304300C26881 /* RPGAuthorizationRequest.m in Sources */ = {isa = PBXBuildFile; fileRef = 281499E21DAE304300C26881 /* RPGAuthorizationRequest.m */; };
		281499E61DAE36E300C26881 /* RPGAuthorizationRequest+Serialization.m in Sources */ = {isa = PBXBuildFile; fileRef = 281499E51DAE36E300C26881 /* RPGAuthorizationRequest+Serialization.m */; };
		283ADCF81DAD3CAB00BDC706 /* RPGRequest.m in Sources */ = {isa = PBXBuildFile; fileRef = 283ADCF71DAD3CAB00BDC706 /* RPGRequest.m */; };
		283ADCFB1DAD3CBA00BDC706 /* RPGResponse.m in Sources */ = {isa = PBXBuildFile; fileRef = 283ADCFA1DAD3CBA00BDC706 /* RPGResponse.m */; };
		283ADCFE1DAD3D1C00BDC706 /* RPGNetworkManager.m in Sources */ = {isa = PBXBuildFile; fileRef = 283ADCFD1DAD3D1C00BDC706 /* RPGNetworkManager.m */; };
		283ADD031DAD454000BDC706 /* RPGRequest+Serialization.m in Sources */ = {isa = PBXBuildFile; fileRef = 283ADD021DAD454000BDC706 /* RPGRequest+Serialization.m */; };
		283ADD081DAD46EC00BDC706 /* RPGResponse+Serialization.m in Sources */ = {isa = PBXBuildFile; fileRef = 283ADD071DAD46EC00BDC706 /* RPGResponse+Serialization.m */; };
		283ADD0B1DAD48DA00BDC706 /* RPGBattleInitResponse.m in Sources */ = {isa = PBXBuildFile; fileRef = 283ADD0A1DAD48DA00BDC706 /* RPGBattleInitResponse.m */; };
		283ADD0F1DAD502200BDC706 /* RPGBattleConditionResponse.m in Sources */ = {isa = PBXBuildFile; fileRef = 283ADD0E1DAD502200BDC706 /* RPGBattleConditionResponse.m */; };
		288E85CF1DABDA8A00321F4D /* main.m in Sources */ = {isa = PBXBuildFile; fileRef = 288E85CE1DABDA8A00321F4D /* main.m */; };
		288E85D21DABDA8A00321F4D /* AppDelegate.m in Sources */ = {isa = PBXBuildFile; fileRef = 288E85D11DABDA8A00321F4D /* AppDelegate.m */; };
		288E85DA1DABDA8A00321F4D /* Assets.xcassets in Resources */ = {isa = PBXBuildFile; fileRef = 288E85D91DABDA8A00321F4D /* Assets.xcassets */; };
		288E85DD1DABDA8A00321F4D /* LaunchScreen.storyboard in Resources */ = {isa = PBXBuildFile; fileRef = 288E85DB1DABDA8A00321F4D /* LaunchScreen.storyboard */; };
		288E85E81DABDA8A00321F4D /* RPG_GameTests.m in Sources */ = {isa = PBXBuildFile; fileRef = 288E85E71DABDA8A00321F4D /* RPG_GameTests.m */; };
		288E85F31DABDA8A00321F4D /* RPG_GameUITests.m in Sources */ = {isa = PBXBuildFile; fileRef = 288E85F21DABDA8A00321F4D /* RPG_GameUITests.m */; };
		288E86021DABDADB00321F4D /* RPGMainViewController.m in Sources */ = {isa = PBXBuildFile; fileRef = 288E86011DABDADB00321F4D /* RPGMainViewController.m */; };
		580969FEA8C97C8111441230 /* libPods-RPG Game.a in Frameworks */ = {isa = PBXBuildFile; fileRef = 9E84F6E8CA62397A8A89BD4E /* libPods-RPG Game.a */; };
		AED6F5751DACD641007ED1B8 /* RPGBattleViewController.m in Sources */ = {isa = PBXBuildFile; fileRef = AED6F56F1DACD641007ED1B8 /* RPGBattleViewController.m */; };
		AED6F5761DACD641007ED1B8 /* RPGBattleViewController.xib in Resources */ = {isa = PBXBuildFile; fileRef = AED6F5701DACD641007ED1B8 /* RPGBattleViewController.xib */; };
		AED6F5771DACD641007ED1B8 /* RPGMainView.xib in Resources */ = {isa = PBXBuildFile; fileRef = AED6F5711DACD641007ED1B8 /* RPGMainView.xib */; };
		AED6F5781DACD641007ED1B8 /* RPGSettingsViewController.m in Sources */ = {isa = PBXBuildFile; fileRef = AED6F5731DACD641007ED1B8 /* RPGSettingsViewController.m */; };
		AED6F5791DACD641007ED1B8 /* RPGSettingsViewController.xib in Resources */ = {isa = PBXBuildFile; fileRef = AED6F5741DACD641007ED1B8 /* RPGSettingsViewController.xib */; };
		AED6F57E1DACD8D8007ED1B8 /* RPGQuestListViewController.m in Sources */ = {isa = PBXBuildFile; fileRef = AED6F57C1DACD8D8007ED1B8 /* RPGQuestListViewController.m */; };
		AED6F57F1DACD8D8007ED1B8 /* RPGQuestListViewController.xib in Resources */ = {isa = PBXBuildFile; fileRef = AED6F57D1DACD8D8007ED1B8 /* RPGQuestListViewController.xib */; };
		AED6F5861DACDCAD007ED1B8 /* RPGQuestListTableViewCell.m in Sources */ = {isa = PBXBuildFile; fileRef = AED6F5841DACDCAD007ED1B8 /* RPGQuestListTableViewCell.m */; };
		AED6F5871DACDCAD007ED1B8 /* RPGQuestListTableViewCell.xib in Resources */ = {isa = PBXBuildFile; fileRef = AED6F5851DACDCAD007ED1B8 /* RPGQuestListTableViewCell.xib */; };
		AED6F58B1DACECBD007ED1B8 /* RPGQuestViewController.m in Sources */ = {isa = PBXBuildFile; fileRef = AED6F5891DACECBD007ED1B8 /* RPGQuestViewController.m */; };
		AED6F58C1DACECBD007ED1B8 /* RPGQuestViewController.xib in Resources */ = {isa = PBXBuildFile; fileRef = AED6F58A1DACECBD007ED1B8 /* RPGQuestViewController.xib */; };
		D08ECC391DAE74080092F705 /* NibNames.m in Sources */ = {isa = PBXBuildFile; fileRef = D08ECC381DAE74080092F705 /* NibNames.m */; };
		D08ECC431DAFCCE90092F705 /* AVFoundation.framework in Frameworks */ = {isa = PBXBuildFile; fileRef = D08ECC421DAFCCE90092F705 /* AVFoundation.framework */; };
		D08ECC461DAFCD240092F705 /* RPGBackgroundMusicController.m in Sources */ = {isa = PBXBuildFile; fileRef = D08ECC451DAFCD240092F705 /* RPGBackgroundMusicController.m */; };
		D0B229131B6ECC8305E5F55A /* libPods-RPG GameTests.a in Frameworks */ = {isa = PBXBuildFile; fileRef = 03EC8B93B483A485443989F7 /* libPods-RPG GameTests.a */; };
		D0CFEE521DB1180600C61D0B /* Sounds.bundle in Resources */ = {isa = PBXBuildFile; fileRef = D0CFEE511DB1180600C61D0B /* Sounds.bundle */; };
		D0CFEE551DB13B2200C61D0B /* RPGSFXEngine.m in Sources */ = {isa = PBXBuildFile; fileRef = D0CFEE541DB13B2200C61D0B /* RPGSFXEngine.m */; };
		D0CFEE571DB281A900C61D0B /* AudioToolbox.framework in Frameworks */ = {isa = PBXBuildFile; fileRef = D0CFEE561DB281A900C61D0B /* AudioToolbox.framework */; };
		D0CFEE601DB2946E00C61D0B /* AppleOpenALSupport.c in Sources */ = {isa = PBXBuildFile; fileRef = D0CFEE5B1DB2946E00C61D0B /* AppleOpenALSupport.c */; };
		D0CFEE611DB2946E00C61D0B /* CMOpenALSound.m in Sources */ = {isa = PBXBuildFile; fileRef = D0CFEE5D1DB2946E00C61D0B /* CMOpenALSound.m */; };
		D0CFEE621DB2946E00C61D0B /* CMOpenALSoundManager.m in Sources */ = {isa = PBXBuildFile; fileRef = D0CFEE5F1DB2946E00C61D0B /* CMOpenALSoundManager.m */; };
		D0CFEE641DB2948000C61D0B /* OpenAL.framework in Frameworks */ = {isa = PBXBuildFile; fileRef = D0CFEE631DB2948000C61D0B /* OpenAL.framework */; };
		E16485521798629D274B394A /* libPods-RPG GameUITests.a in Frameworks */ = {isa = PBXBuildFile; fileRef = 48EE8E79906C3CFA1B806543 /* libPods-RPG GameUITests.a */; };
/* End PBXBuildFile section */

/* Begin PBXContainerItemProxy section */
		288E85E41DABDA8A00321F4D /* PBXContainerItemProxy */ = {
			isa = PBXContainerItemProxy;
			containerPortal = 288E85C21DABDA8A00321F4D /* Project object */;
			proxyType = 1;
			remoteGlobalIDString = 288E85C91DABDA8A00321F4D;
			remoteInfo = "RPG Game";
		};
		288E85EF1DABDA8A00321F4D /* PBXContainerItemProxy */ = {
			isa = PBXContainerItemProxy;
			containerPortal = 288E85C21DABDA8A00321F4D /* Project object */;
			proxyType = 1;
			remoteGlobalIDString = 288E85C91DABDA8A00321F4D;
			remoteInfo = "RPG Game";
		};
/* End PBXContainerItemProxy section */

/* Begin PBXFileReference section */
		03EC8B93B483A485443989F7 /* libPods-RPG GameTests.a */ = {isa = PBXFileReference; explicitFileType = archive.ar; includeInIndex = 0; path = "libPods-RPG GameTests.a"; sourceTree = BUILT_PRODUCTS_DIR; };
		0AFAFE83BF61093CEFA12B51 /* Pods-RPG Game.debug.xcconfig */ = {isa = PBXFileReference; includeInIndex = 1; lastKnownFileType = text.xcconfig; name = "Pods-RPG Game.debug.xcconfig"; path = "Pods/Target Support Files/Pods-RPG Game/Pods-RPG Game.debug.xcconfig"; sourceTree = "<group>"; };
		134A9863E9725FDBC6942939 /* Pods-RPG GameTests.release.xcconfig */ = {isa = PBXFileReference; includeInIndex = 1; lastKnownFileType = text.xcconfig; name = "Pods-RPG GameTests.release.xcconfig"; path = "Pods/Target Support Files/Pods-RPG GameTests/Pods-RPG GameTests.release.xcconfig"; sourceTree = "<group>"; };
		281499E11DAE304300C26881 /* RPGAuthorizationRequest.h */ = {isa = PBXFileReference; fileEncoding = 4; lastKnownFileType = sourcecode.c.h; path = RPGAuthorizationRequest.h; sourceTree = "<group>"; };
		281499E21DAE304300C26881 /* RPGAuthorizationRequest.m */ = {isa = PBXFileReference; fileEncoding = 4; lastKnownFileType = sourcecode.c.objc; path = RPGAuthorizationRequest.m; sourceTree = "<group>"; };
		281499E41DAE36E300C26881 /* RPGAuthorizationRequest+Serialization.h */ = {isa = PBXFileReference; fileEncoding = 4; lastKnownFileType = sourcecode.c.h; path = "RPGAuthorizationRequest+Serialization.h"; sourceTree = "<group>"; };
		281499E51DAE36E300C26881 /* RPGAuthorizationRequest+Serialization.m */ = {isa = PBXFileReference; fileEncoding = 4; lastKnownFileType = sourcecode.c.objc; path = "RPGAuthorizationRequest+Serialization.m"; sourceTree = "<group>"; };
		283ADCF61DAD3CAB00BDC706 /* RPGRequest.h */ = {isa = PBXFileReference; fileEncoding = 4; lastKnownFileType = sourcecode.c.h; path = RPGRequest.h; sourceTree = "<group>"; };
		283ADCF71DAD3CAB00BDC706 /* RPGRequest.m */ = {isa = PBXFileReference; fileEncoding = 4; lastKnownFileType = sourcecode.c.objc; path = RPGRequest.m; sourceTree = "<group>"; };
		283ADCF91DAD3CBA00BDC706 /* RPGResponse.h */ = {isa = PBXFileReference; fileEncoding = 4; lastKnownFileType = sourcecode.c.h; path = RPGResponse.h; sourceTree = "<group>"; };
		283ADCFA1DAD3CBA00BDC706 /* RPGResponse.m */ = {isa = PBXFileReference; fileEncoding = 4; lastKnownFileType = sourcecode.c.objc; path = RPGResponse.m; sourceTree = "<group>"; };
		283ADCFC1DAD3D1C00BDC706 /* RPGNetworkManager.h */ = {isa = PBXFileReference; fileEncoding = 4; lastKnownFileType = sourcecode.c.h; path = RPGNetworkManager.h; sourceTree = "<group>"; };
		283ADCFD1DAD3D1C00BDC706 /* RPGNetworkManager.m */ = {isa = PBXFileReference; fileEncoding = 4; lastKnownFileType = sourcecode.c.objc; path = RPGNetworkManager.m; sourceTree = "<group>"; };
		283ADD011DAD454000BDC706 /* RPGRequest+Serialization.h */ = {isa = PBXFileReference; fileEncoding = 4; lastKnownFileType = sourcecode.c.h; path = "RPGRequest+Serialization.h"; sourceTree = "<group>"; };
		283ADD021DAD454000BDC706 /* RPGRequest+Serialization.m */ = {isa = PBXFileReference; fileEncoding = 4; lastKnownFileType = sourcecode.c.objc; path = "RPGRequest+Serialization.m"; sourceTree = "<group>"; };
		283ADD061DAD46EC00BDC706 /* RPGResponse+Serialization.h */ = {isa = PBXFileReference; fileEncoding = 4; lastKnownFileType = sourcecode.c.h; path = "RPGResponse+Serialization.h"; sourceTree = "<group>"; };
		283ADD071DAD46EC00BDC706 /* RPGResponse+Serialization.m */ = {isa = PBXFileReference; fileEncoding = 4; lastKnownFileType = sourcecode.c.objc; path = "RPGResponse+Serialization.m"; sourceTree = "<group>"; };
		283ADD091DAD48DA00BDC706 /* RPGBattleInitResponse.h */ = {isa = PBXFileReference; fileEncoding = 4; lastKnownFileType = sourcecode.c.h; path = RPGBattleInitResponse.h; sourceTree = "<group>"; };
		283ADD0A1DAD48DA00BDC706 /* RPGBattleInitResponse.m */ = {isa = PBXFileReference; fileEncoding = 4; lastKnownFileType = sourcecode.c.objc; path = RPGBattleInitResponse.m; sourceTree = "<group>"; };
		283ADD0D1DAD502200BDC706 /* RPGBattleConditionResponse.h */ = {isa = PBXFileReference; fileEncoding = 4; lastKnownFileType = sourcecode.c.h; path = RPGBattleConditionResponse.h; sourceTree = "<group>"; };
		283ADD0E1DAD502200BDC706 /* RPGBattleConditionResponse.m */ = {isa = PBXFileReference; fileEncoding = 4; lastKnownFileType = sourcecode.c.objc; path = RPGBattleConditionResponse.m; sourceTree = "<group>"; };
		288E85CA1DABDA8A00321F4D /* RPG Game.app */ = {isa = PBXFileReference; explicitFileType = wrapper.application; includeInIndex = 0; path = "RPG Game.app"; sourceTree = BUILT_PRODUCTS_DIR; };
		288E85CE1DABDA8A00321F4D /* main.m */ = {isa = PBXFileReference; lastKnownFileType = sourcecode.c.objc; path = main.m; sourceTree = "<group>"; };
		288E85D01DABDA8A00321F4D /* AppDelegate.h */ = {isa = PBXFileReference; lastKnownFileType = sourcecode.c.h; path = AppDelegate.h; sourceTree = "<group>"; };
		288E85D11DABDA8A00321F4D /* AppDelegate.m */ = {isa = PBXFileReference; lastKnownFileType = sourcecode.c.objc; path = AppDelegate.m; sourceTree = "<group>"; };
		288E85D91DABDA8A00321F4D /* Assets.xcassets */ = {isa = PBXFileReference; lastKnownFileType = folder.assetcatalog; path = Assets.xcassets; sourceTree = "<group>"; };
		288E85DC1DABDA8A00321F4D /* Base */ = {isa = PBXFileReference; lastKnownFileType = file.storyboard; name = Base; path = Base.lproj/LaunchScreen.storyboard; sourceTree = "<group>"; };
		288E85DE1DABDA8A00321F4D /* Info.plist */ = {isa = PBXFileReference; lastKnownFileType = text.plist.xml; path = Info.plist; sourceTree = "<group>"; };
		288E85E31DABDA8A00321F4D /* RPG GameTests.xctest */ = {isa = PBXFileReference; explicitFileType = wrapper.cfbundle; includeInIndex = 0; path = "RPG GameTests.xctest"; sourceTree = BUILT_PRODUCTS_DIR; };
		288E85E71DABDA8A00321F4D /* RPG_GameTests.m */ = {isa = PBXFileReference; lastKnownFileType = sourcecode.c.objc; path = RPG_GameTests.m; sourceTree = "<group>"; };
		288E85E91DABDA8A00321F4D /* Info.plist */ = {isa = PBXFileReference; lastKnownFileType = text.plist.xml; path = Info.plist; sourceTree = "<group>"; };
		288E85EE1DABDA8A00321F4D /* RPG GameUITests.xctest */ = {isa = PBXFileReference; explicitFileType = wrapper.cfbundle; includeInIndex = 0; path = "RPG GameUITests.xctest"; sourceTree = BUILT_PRODUCTS_DIR; };
		288E85F21DABDA8A00321F4D /* RPG_GameUITests.m */ = {isa = PBXFileReference; lastKnownFileType = sourcecode.c.objc; path = RPG_GameUITests.m; sourceTree = "<group>"; };
		288E85F41DABDA8A00321F4D /* Info.plist */ = {isa = PBXFileReference; lastKnownFileType = text.plist.xml; path = Info.plist; sourceTree = "<group>"; };
		288E86001DABDADB00321F4D /* RPGMainViewController.h */ = {isa = PBXFileReference; fileEncoding = 4; lastKnownFileType = sourcecode.c.h; path = RPGMainViewController.h; sourceTree = "<group>"; };
		288E86011DABDADB00321F4D /* RPGMainViewController.m */ = {isa = PBXFileReference; fileEncoding = 4; lastKnownFileType = sourcecode.c.objc; path = RPGMainViewController.m; sourceTree = "<group>"; };
		48EE8E79906C3CFA1B806543 /* libPods-RPG GameUITests.a */ = {isa = PBXFileReference; explicitFileType = archive.ar; includeInIndex = 0; path = "libPods-RPG GameUITests.a"; sourceTree = BUILT_PRODUCTS_DIR; };
		810370191D8BD309214BF556 /* Pods-RPG GameUITests.release.xcconfig */ = {isa = PBXFileReference; includeInIndex = 1; lastKnownFileType = text.xcconfig; name = "Pods-RPG GameUITests.release.xcconfig"; path = "Pods/Target Support Files/Pods-RPG GameUITests/Pods-RPG GameUITests.release.xcconfig"; sourceTree = "<group>"; };
		9864644C8038713EF8524DC8 /* Pods-RPG Game.release.xcconfig */ = {isa = PBXFileReference; includeInIndex = 1; lastKnownFileType = text.xcconfig; name = "Pods-RPG Game.release.xcconfig"; path = "Pods/Target Support Files/Pods-RPG Game/Pods-RPG Game.release.xcconfig"; sourceTree = "<group>"; };
		9E84F6E8CA62397A8A89BD4E /* libPods-RPG Game.a */ = {isa = PBXFileReference; explicitFileType = archive.ar; includeInIndex = 0; path = "libPods-RPG Game.a"; sourceTree = BUILT_PRODUCTS_DIR; };
		AED6F56E1DACD641007ED1B8 /* RPGBattleViewController.h */ = {isa = PBXFileReference; fileEncoding = 4; lastKnownFileType = sourcecode.c.h; path = RPGBattleViewController.h; sourceTree = "<group>"; };
		AED6F56F1DACD641007ED1B8 /* RPGBattleViewController.m */ = {isa = PBXFileReference; fileEncoding = 4; lastKnownFileType = sourcecode.c.objc; path = RPGBattleViewController.m; sourceTree = "<group>"; };
		AED6F5701DACD641007ED1B8 /* RPGBattleViewController.xib */ = {isa = PBXFileReference; fileEncoding = 4; lastKnownFileType = file.xib; path = RPGBattleViewController.xib; sourceTree = "<group>"; };
		AED6F5711DACD641007ED1B8 /* RPGMainView.xib */ = {isa = PBXFileReference; fileEncoding = 4; lastKnownFileType = file.xib; path = RPGMainView.xib; sourceTree = "<group>"; };
		AED6F5721DACD641007ED1B8 /* RPGSettingsViewController.h */ = {isa = PBXFileReference; fileEncoding = 4; lastKnownFileType = sourcecode.c.h; path = RPGSettingsViewController.h; sourceTree = "<group>"; };
		AED6F5731DACD641007ED1B8 /* RPGSettingsViewController.m */ = {isa = PBXFileReference; fileEncoding = 4; lastKnownFileType = sourcecode.c.objc; path = RPGSettingsViewController.m; sourceTree = "<group>"; };
		AED6F5741DACD641007ED1B8 /* RPGSettingsViewController.xib */ = {isa = PBXFileReference; fileEncoding = 4; lastKnownFileType = file.xib; path = RPGSettingsViewController.xib; sourceTree = "<group>"; };
		AED6F57B1DACD8D8007ED1B8 /* RPGQuestListViewController.h */ = {isa = PBXFileReference; fileEncoding = 4; lastKnownFileType = sourcecode.c.h; path = RPGQuestListViewController.h; sourceTree = "<group>"; };
		AED6F57C1DACD8D8007ED1B8 /* RPGQuestListViewController.m */ = {isa = PBXFileReference; fileEncoding = 4; lastKnownFileType = sourcecode.c.objc; path = RPGQuestListViewController.m; sourceTree = "<group>"; };
		AED6F57D1DACD8D8007ED1B8 /* RPGQuestListViewController.xib */ = {isa = PBXFileReference; fileEncoding = 4; lastKnownFileType = file.xib; path = RPGQuestListViewController.xib; sourceTree = "<group>"; };
		AED6F5831DACDCAD007ED1B8 /* RPGQuestListTableViewCell.h */ = {isa = PBXFileReference; fileEncoding = 4; lastKnownFileType = sourcecode.c.h; path = RPGQuestListTableViewCell.h; sourceTree = "<group>"; };
		AED6F5841DACDCAD007ED1B8 /* RPGQuestListTableViewCell.m */ = {isa = PBXFileReference; fileEncoding = 4; lastKnownFileType = sourcecode.c.objc; path = RPGQuestListTableViewCell.m; sourceTree = "<group>"; };
		AED6F5851DACDCAD007ED1B8 /* RPGQuestListTableViewCell.xib */ = {isa = PBXFileReference; fileEncoding = 4; lastKnownFileType = file.xib; path = RPGQuestListTableViewCell.xib; sourceTree = "<group>"; };
		AED6F5881DACECBD007ED1B8 /* RPGQuestViewController.h */ = {isa = PBXFileReference; fileEncoding = 4; lastKnownFileType = sourcecode.c.h; path = RPGQuestViewController.h; sourceTree = "<group>"; };
		AED6F5891DACECBD007ED1B8 /* RPGQuestViewController.m */ = {isa = PBXFileReference; fileEncoding = 4; lastKnownFileType = sourcecode.c.objc; path = RPGQuestViewController.m; sourceTree = "<group>"; };
		AED6F58A1DACECBD007ED1B8 /* RPGQuestViewController.xib */ = {isa = PBXFileReference; fileEncoding = 4; lastKnownFileType = file.xib; path = RPGQuestViewController.xib; sourceTree = "<group>"; };
		D08ECC371DAE74080092F705 /* NibNames.h */ = {isa = PBXFileReference; fileEncoding = 4; lastKnownFileType = sourcecode.c.h; path = NibNames.h; sourceTree = "<group>"; };
		D08ECC381DAE74080092F705 /* NibNames.m */ = {isa = PBXFileReference; fileEncoding = 4; lastKnownFileType = sourcecode.c.objc; path = NibNames.m; sourceTree = "<group>"; };
		D08ECC421DAFCCE90092F705 /* AVFoundation.framework */ = {isa = PBXFileReference; lastKnownFileType = wrapper.framework; name = AVFoundation.framework; path = System/Library/Frameworks/AVFoundation.framework; sourceTree = SDKROOT; };
		D08ECC441DAFCD240092F705 /* RPGBackgroundMusicController.h */ = {isa = PBXFileReference; fileEncoding = 4; lastKnownFileType = sourcecode.c.h; path = RPGBackgroundMusicController.h; sourceTree = "<group>"; };
		D08ECC451DAFCD240092F705 /* RPGBackgroundMusicController.m */ = {isa = PBXFileReference; fileEncoding = 4; lastKnownFileType = sourcecode.c.objc; path = RPGBackgroundMusicController.m; sourceTree = "<group>"; };
		D0CFEE511DB1180600C61D0B /* Sounds.bundle */ = {isa = PBXFileReference; lastKnownFileType = "wrapper.plug-in"; path = Sounds.bundle; sourceTree = "<group>"; };
		D0CFEE531DB13B2200C61D0B /* RPGSFXEngine.h */ = {isa = PBXFileReference; fileEncoding = 4; lastKnownFileType = sourcecode.c.h; path = RPGSFXEngine.h; sourceTree = "<group>"; };
		D0CFEE541DB13B2200C61D0B /* RPGSFXEngine.m */ = {isa = PBXFileReference; fileEncoding = 4; lastKnownFileType = sourcecode.c.objc; path = RPGSFXEngine.m; sourceTree = "<group>"; };
		D0CFEE561DB281A900C61D0B /* AudioToolbox.framework */ = {isa = PBXFileReference; lastKnownFileType = wrapper.framework; name = AudioToolbox.framework; path = System/Library/Frameworks/AudioToolbox.framework; sourceTree = SDKROOT; };
		D0CFEE5A1DB2946E00C61D0B /* AppleOpenALSupport.h */ = {isa = PBXFileReference; fileEncoding = 4; lastKnownFileType = sourcecode.c.h; path = AppleOpenALSupport.h; sourceTree = "<group>"; };
		D0CFEE5B1DB2946E00C61D0B /* AppleOpenALSupport.c */ = {isa = PBXFileReference; fileEncoding = 4; lastKnownFileType = sourcecode.c.c; path = AppleOpenALSupport.c; sourceTree = "<group>"; };
		D0CFEE5C1DB2946E00C61D0B /* CMOpenALSound.h */ = {isa = PBXFileReference; fileEncoding = 4; lastKnownFileType = sourcecode.c.h; path = CMOpenALSound.h; sourceTree = "<group>"; };
		D0CFEE5D1DB2946E00C61D0B /* CMOpenALSound.m */ = {isa = PBXFileReference; fileEncoding = 4; lastKnownFileType = sourcecode.c.objc; path = CMOpenALSound.m; sourceTree = "<group>"; };
		D0CFEE5E1DB2946E00C61D0B /* CMOpenALSoundManager.h */ = {isa = PBXFileReference; fileEncoding = 4; lastKnownFileType = sourcecode.c.h; path = CMOpenALSoundManager.h; sourceTree = "<group>"; };
		D0CFEE5F1DB2946E00C61D0B /* CMOpenALSoundManager.m */ = {isa = PBXFileReference; fileEncoding = 4; lastKnownFileType = sourcecode.c.objc; path = CMOpenALSoundManager.m; sourceTree = "<group>"; };
		D0CFEE631DB2948000C61D0B /* OpenAL.framework */ = {isa = PBXFileReference; lastKnownFileType = wrapper.framework; name = OpenAL.framework; path = System/Library/Frameworks/OpenAL.framework; sourceTree = SDKROOT; };
		D152597090E5403B60AB645B /* Pods-RPG GameTests.debug.xcconfig */ = {isa = PBXFileReference; includeInIndex = 1; lastKnownFileType = text.xcconfig; name = "Pods-RPG GameTests.debug.xcconfig"; path = "Pods/Target Support Files/Pods-RPG GameTests/Pods-RPG GameTests.debug.xcconfig"; sourceTree = "<group>"; };
		F6D4CAB61431492EB7A0347B /* Pods-RPG GameUITests.debug.xcconfig */ = {isa = PBXFileReference; includeInIndex = 1; lastKnownFileType = text.xcconfig; name = "Pods-RPG GameUITests.debug.xcconfig"; path = "Pods/Target Support Files/Pods-RPG GameUITests/Pods-RPG GameUITests.debug.xcconfig"; sourceTree = "<group>"; };
/* End PBXFileReference section */

/* Begin PBXFrameworksBuildPhase section */
		288E85C71DABDA8A00321F4D /* Frameworks */ = {
			isa = PBXFrameworksBuildPhase;
			buildActionMask = 2147483647;
			files = (
				D0CFEE641DB2948000C61D0B /* OpenAL.framework in Frameworks */,
				D0CFEE571DB281A900C61D0B /* AudioToolbox.framework in Frameworks */,
				D08ECC431DAFCCE90092F705 /* AVFoundation.framework in Frameworks */,
				580969FEA8C97C8111441230 /* libPods-RPG Game.a in Frameworks */,
			);
			runOnlyForDeploymentPostprocessing = 0;
		};
		288E85E01DABDA8A00321F4D /* Frameworks */ = {
			isa = PBXFrameworksBuildPhase;
			buildActionMask = 2147483647;
			files = (
				D0B229131B6ECC8305E5F55A /* libPods-RPG GameTests.a in Frameworks */,
			);
			runOnlyForDeploymentPostprocessing = 0;
		};
		288E85EB1DABDA8A00321F4D /* Frameworks */ = {
			isa = PBXFrameworksBuildPhase;
			buildActionMask = 2147483647;
			files = (
				E16485521798629D274B394A /* libPods-RPG GameUITests.a in Frameworks */,
			);
			runOnlyForDeploymentPostprocessing = 0;
		};
/* End PBXFrameworksBuildPhase section */

/* Begin PBXGroup section */
		281499E01DAE300600C26881 /* Authorization */ = {
			isa = PBXGroup;
			children = (
				281499E11DAE304300C26881 /* RPGAuthorizationRequest.h */,
				281499E21DAE304300C26881 /* RPGAuthorizationRequest.m */,
				281499E41DAE36E300C26881 /* RPGAuthorizationRequest+Serialization.h */,
				281499E51DAE36E300C26881 /* RPGAuthorizationRequest+Serialization.m */,
			);
			name = Authorization;
			sourceTree = "<group>";
		};
		283ADCF41DAD3C5000BDC706 /* Network Communication */ = {
			isa = PBXGroup;
			children = (
				283ADCFC1DAD3D1C00BDC706 /* RPGNetworkManager.h */,
				283ADCFD1DAD3D1C00BDC706 /* RPGNetworkManager.m */,
				283ADCF51DAD3C8000BDC706 /* Entities */,
			);
			name = "Network Communication";
			sourceTree = "<group>";
		};
		283ADCF51DAD3C8000BDC706 /* Entities */ = {
			isa = PBXGroup;
			children = (
				283ADD041DAD454B00BDC706 /* Request */,
				283ADD051DAD463700BDC706 /* Response */,
			);
			name = Entities;
			sourceTree = "<group>";
		};
		283ADCFF1DAD3F8600BDC706 /* Quest */ = {
			isa = PBXGroup;
			children = (
			);
			name = Quest;
			sourceTree = "<group>";
		};
		283ADD001DAD3F9100BDC706 /* Battle Init */ = {
			isa = PBXGroup;
			children = (
				283ADD091DAD48DA00BDC706 /* RPGBattleInitResponse.h */,
				283ADD0A1DAD48DA00BDC706 /* RPGBattleInitResponse.m */,
			);
			name = "Battle Init";
			sourceTree = "<group>";
		};
		283ADD041DAD454B00BDC706 /* Request */ = {
			isa = PBXGroup;
			children = (
				283ADCF61DAD3CAB00BDC706 /* RPGRequest.h */,
				283ADCF71DAD3CAB00BDC706 /* RPGRequest.m */,
				283ADD011DAD454000BDC706 /* RPGRequest+Serialization.h */,
				283ADD021DAD454000BDC706 /* RPGRequest+Serialization.m */,
				281499E01DAE300600C26881 /* Authorization */,
			);
			name = Request;
			sourceTree = "<group>";
		};
		283ADD051DAD463700BDC706 /* Response */ = {
			isa = PBXGroup;
			children = (
				283ADCF91DAD3CBA00BDC706 /* RPGResponse.h */,
				283ADCFA1DAD3CBA00BDC706 /* RPGResponse.m */,
				283ADD061DAD46EC00BDC706 /* RPGResponse+Serialization.h */,
				283ADD071DAD46EC00BDC706 /* RPGResponse+Serialization.m */,
				283ADD0C1DAD500E00BDC706 /* Battle Condition */,
				283ADD001DAD3F9100BDC706 /* Battle Init */,
				283ADCFF1DAD3F8600BDC706 /* Quest */,
			);
			name = Response;
			sourceTree = "<group>";
		};
		283ADD0C1DAD500E00BDC706 /* Battle Condition */ = {
			isa = PBXGroup;
			children = (
				283ADD0D1DAD502200BDC706 /* RPGBattleConditionResponse.h */,
				283ADD0E1DAD502200BDC706 /* RPGBattleConditionResponse.m */,
			);
			name = "Battle Condition";
			sourceTree = "<group>";
		};
		288E85C11DABDA8A00321F4D = {
			isa = PBXGroup;
			children = (
				288E85CC1DABDA8A00321F4D /* RPG Game */,
				288E85E61DABDA8A00321F4D /* RPG GameTests */,
				288E85F11DABDA8A00321F4D /* RPG GameUITests */,
				288E85CB1DABDA8A00321F4D /* Products */,
				E0FB3B1D4713C9AB3E8A6BD4 /* Pods */,
				4BA921AB8CB063DE64593829 /* Frameworks */,
			);
			sourceTree = "<group>";
		};
		288E85CB1DABDA8A00321F4D /* Products */ = {
			isa = PBXGroup;
			children = (
				288E85CA1DABDA8A00321F4D /* RPG Game.app */,
				288E85E31DABDA8A00321F4D /* RPG GameTests.xctest */,
				288E85EE1DABDA8A00321F4D /* RPG GameUITests.xctest */,
			);
			name = Products;
			sourceTree = "<group>";
		};
		288E85CC1DABDA8A00321F4D /* RPG Game */ = {
			isa = PBXGroup;
			children = (
				AED6F57A1DACD89F007ED1B8 /* Quests */,
				288E85D01DABDA8A00321F4D /* AppDelegate.h */,
				288E85D11DABDA8A00321F4D /* AppDelegate.m */,
				AED6F56E1DACD641007ED1B8 /* RPGBattleViewController.h */,
				AED6F56F1DACD641007ED1B8 /* RPGBattleViewController.m */,
				AED6F5701DACD641007ED1B8 /* RPGBattleViewController.xib */,
				283ADCF41DAD3C5000BDC706 /* Network Communication */,
				AED6F5721DACD641007ED1B8 /* RPGSettingsViewController.h */,
				AED6F5731DACD641007ED1B8 /* RPGSettingsViewController.m */,
				AED6F5741DACD641007ED1B8 /* RPGSettingsViewController.xib */,
				288E85D91DABDA8A00321F4D /* Assets.xcassets */,
				288E85DB1DABDA8A00321F4D /* LaunchScreen.storyboard */,
				288E86001DABDADB00321F4D /* RPGMainViewController.h */,
				288E86011DABDADB00321F4D /* RPGMainViewController.m */,
				AED6F5711DACD641007ED1B8 /* RPGMainView.xib */,
				288E85DE1DABDA8A00321F4D /* Info.plist */,
				D0CFEE531DB13B2200C61D0B /* RPGSFXEngine.h */,
				D0CFEE541DB13B2200C61D0B /* RPGSFXEngine.m */,
				D0CFEE581DB2945C00C61D0B /* SFX Engine */,
				D0CFEE511DB1180600C61D0B /* Sounds.bundle */,
				D08ECC411DAFCB980092F705 /* BackGround Music */,
				288E85CD1DABDA8A00321F4D /* Supporting Files */,
			);
			path = "RPG Game";
			sourceTree = "<group>";
		};
		288E85CD1DABDA8A00321F4D /* Supporting Files */ = {
			isa = PBXGroup;
			children = (
				D08ECC361DAE73E90092F705 /* NibNames */,
				288E85CE1DABDA8A00321F4D /* main.m */,
			);
			name = "Supporting Files";
			sourceTree = "<group>";
		};
		288E85E61DABDA8A00321F4D /* RPG GameTests */ = {
			isa = PBXGroup;
			children = (
				288E85E71DABDA8A00321F4D /* RPG_GameTests.m */,
				288E85E91DABDA8A00321F4D /* Info.plist */,
			);
			path = "RPG GameTests";
			sourceTree = "<group>";
		};
		288E85F11DABDA8A00321F4D /* RPG GameUITests */ = {
			isa = PBXGroup;
			children = (
				288E85F21DABDA8A00321F4D /* RPG_GameUITests.m */,
				288E85F41DABDA8A00321F4D /* Info.plist */,
			);
			path = "RPG GameUITests";
			sourceTree = "<group>";
		};
		4BA921AB8CB063DE64593829 /* Frameworks */ = {
			isa = PBXGroup;
			children = (
				D0CFEE631DB2948000C61D0B /* OpenAL.framework */,
				D0CFEE561DB281A900C61D0B /* AudioToolbox.framework */,
				D08ECC421DAFCCE90092F705 /* AVFoundation.framework */,
				9E84F6E8CA62397A8A89BD4E /* libPods-RPG Game.a */,
				03EC8B93B483A485443989F7 /* libPods-RPG GameTests.a */,
				48EE8E79906C3CFA1B806543 /* libPods-RPG GameUITests.a */,
			);
			name = Frameworks;
			sourceTree = "<group>";
		};
		AED6F57A1DACD89F007ED1B8 /* Quests */ = {
			isa = PBXGroup;
			children = (
				AED6F57B1DACD8D8007ED1B8 /* RPGQuestListViewController.h */,
				AED6F57C1DACD8D8007ED1B8 /* RPGQuestListViewController.m */,
				AED6F57D1DACD8D8007ED1B8 /* RPGQuestListViewController.xib */,
				AED6F5831DACDCAD007ED1B8 /* RPGQuestListTableViewCell.h */,
				AED6F5841DACDCAD007ED1B8 /* RPGQuestListTableViewCell.m */,
				AED6F5851DACDCAD007ED1B8 /* RPGQuestListTableViewCell.xib */,
				AED6F5881DACECBD007ED1B8 /* RPGQuestViewController.h */,
				AED6F5891DACECBD007ED1B8 /* RPGQuestViewController.m */,
				AED6F58A1DACECBD007ED1B8 /* RPGQuestViewController.xib */,
			);
			name = Quests;
			sourceTree = "<group>";
		};
		D08ECC361DAE73E90092F705 /* NibNames */ = {
			isa = PBXGroup;
			children = (
				D08ECC371DAE74080092F705 /* NibNames.h */,
				D08ECC381DAE74080092F705 /* NibNames.m */,
			);
			name = NibNames;
			sourceTree = "<group>";
		};
		D08ECC411DAFCB980092F705 /* BackGround Music */ = {
			isa = PBXGroup;
			children = (
				D08ECC441DAFCD240092F705 /* RPGBackgroundMusicController.h */,
				D08ECC451DAFCD240092F705 /* RPGBackgroundMusicController.m */,
			);
			name = "BackGround Music";
			sourceTree = "<group>";
		};
		D0CFEE581DB2945C00C61D0B /* SFX Engine */ = {
			isa = PBXGroup;
			children = (
				D0CFEE5A1DB2946E00C61D0B /* AppleOpenALSupport.h */,
				D0CFEE5B1DB2946E00C61D0B /* AppleOpenALSupport.c */,
				D0CFEE5C1DB2946E00C61D0B /* CMOpenALSound.h */,
				D0CFEE5D1DB2946E00C61D0B /* CMOpenALSound.m */,
				D0CFEE5E1DB2946E00C61D0B /* CMOpenALSoundManager.h */,
				D0CFEE5F1DB2946E00C61D0B /* CMOpenALSoundManager.m */,
			);
			name = "SFX Engine";
			sourceTree = "<group>";
		};
		E0FB3B1D4713C9AB3E8A6BD4 /* Pods */ = {
			isa = PBXGroup;
			children = (
				0AFAFE83BF61093CEFA12B51 /* Pods-RPG Game.debug.xcconfig */,
				9864644C8038713EF8524DC8 /* Pods-RPG Game.release.xcconfig */,
				D152597090E5403B60AB645B /* Pods-RPG GameTests.debug.xcconfig */,
				134A9863E9725FDBC6942939 /* Pods-RPG GameTests.release.xcconfig */,
				F6D4CAB61431492EB7A0347B /* Pods-RPG GameUITests.debug.xcconfig */,
				810370191D8BD309214BF556 /* Pods-RPG GameUITests.release.xcconfig */,
			);
			name = Pods;
			sourceTree = "<group>";
		};
/* End PBXGroup section */

/* Begin PBXNativeTarget section */
		288E85C91DABDA8A00321F4D /* RPG Game */ = {
			isa = PBXNativeTarget;
			buildConfigurationList = 288E85F71DABDA8A00321F4D /* Build configuration list for PBXNativeTarget "RPG Game" */;
			buildPhases = (
				D6441C71AA7D7F4358A055AA /* [CP] Check Pods Manifest.lock */,
				288E85C61DABDA8A00321F4D /* Sources */,
				288E85C71DABDA8A00321F4D /* Frameworks */,
				288E85C81DABDA8A00321F4D /* Resources */,
				8B530ACAAEB6DFB82A0BB84E /* [CP] Embed Pods Frameworks */,
				C7E41382EC6D294D4D0458BB /* [CP] Copy Pods Resources */,
			);
			buildRules = (
			);
			dependencies = (
			);
			name = "RPG Game";
			productName = "RPG Game";
			productReference = 288E85CA1DABDA8A00321F4D /* RPG Game.app */;
			productType = "com.apple.product-type.application";
		};
		288E85E21DABDA8A00321F4D /* RPG GameTests */ = {
			isa = PBXNativeTarget;
			buildConfigurationList = 288E85FA1DABDA8A00321F4D /* Build configuration list for PBXNativeTarget "RPG GameTests" */;
			buildPhases = (
				ED7179B799121BF053E9161F /* [CP] Check Pods Manifest.lock */,
				288E85DF1DABDA8A00321F4D /* Sources */,
				288E85E01DABDA8A00321F4D /* Frameworks */,
				288E85E11DABDA8A00321F4D /* Resources */,
				520B73D55657C4B6218573A8 /* [CP] Embed Pods Frameworks */,
				96E1935ACC3FAE91D6F02A10 /* [CP] Copy Pods Resources */,
			);
			buildRules = (
			);
			dependencies = (
				288E85E51DABDA8A00321F4D /* PBXTargetDependency */,
			);
			name = "RPG GameTests";
			productName = "RPG GameTests";
			productReference = 288E85E31DABDA8A00321F4D /* RPG GameTests.xctest */;
			productType = "com.apple.product-type.bundle.unit-test";
		};
		288E85ED1DABDA8A00321F4D /* RPG GameUITests */ = {
			isa = PBXNativeTarget;
			buildConfigurationList = 288E85FD1DABDA8A00321F4D /* Build configuration list for PBXNativeTarget "RPG GameUITests" */;
			buildPhases = (
				D4D23F35D90D259EBFD5D3B9 /* [CP] Check Pods Manifest.lock */,
				288E85EA1DABDA8A00321F4D /* Sources */,
				288E85EB1DABDA8A00321F4D /* Frameworks */,
				288E85EC1DABDA8A00321F4D /* Resources */,
				BB4B8AE76E5C08D611384991 /* [CP] Copy Pods Resources */,
			);
			buildRules = (
			);
			dependencies = (
				288E85F01DABDA8A00321F4D /* PBXTargetDependency */,
			);
			name = "RPG GameUITests";
			productName = "RPG GameUITests";
			productReference = 288E85EE1DABDA8A00321F4D /* RPG GameUITests.xctest */;
			productType = "com.apple.product-type.bundle.ui-testing";
		};
/* End PBXNativeTarget section */

/* Begin PBXProject section */
		288E85C21DABDA8A00321F4D /* Project object */ = {
			isa = PBXProject;
			attributes = {
				CLASSPREFIX = RPG;
				LastUpgradeCheck = 0730;
				ORGANIZATIONNAME = "RPG-team";
				TargetAttributes = {
					288E85C91DABDA8A00321F4D = {
						CreatedOnToolsVersion = 7.3.1;
					};
					288E85E21DABDA8A00321F4D = {
						CreatedOnToolsVersion = 7.3.1;
						TestTargetID = 288E85C91DABDA8A00321F4D;
					};
					288E85ED1DABDA8A00321F4D = {
						CreatedOnToolsVersion = 7.3.1;
						TestTargetID = 288E85C91DABDA8A00321F4D;
					};
				};
			};
			buildConfigurationList = 288E85C51DABDA8A00321F4D /* Build configuration list for PBXProject "RPG Game" */;
			compatibilityVersion = "Xcode 3.2";
			developmentRegion = English;
			hasScannedForEncodings = 0;
			knownRegions = (
				en,
				Base,
			);
			mainGroup = 288E85C11DABDA8A00321F4D;
			productRefGroup = 288E85CB1DABDA8A00321F4D /* Products */;
			projectDirPath = "";
			projectRoot = "";
			targets = (
				288E85C91DABDA8A00321F4D /* RPG Game */,
				288E85E21DABDA8A00321F4D /* RPG GameTests */,
				288E85ED1DABDA8A00321F4D /* RPG GameUITests */,
			);
		};
/* End PBXProject section */

/* Begin PBXResourcesBuildPhase section */
		288E85C81DABDA8A00321F4D /* Resources */ = {
			isa = PBXResourcesBuildPhase;
			buildActionMask = 2147483647;
			files = (
				AED6F5771DACD641007ED1B8 /* RPGMainView.xib in Resources */,
				AED6F5761DACD641007ED1B8 /* RPGBattleViewController.xib in Resources */,
				D0CFEE521DB1180600C61D0B /* Sounds.bundle in Resources */,
				288E85DD1DABDA8A00321F4D /* LaunchScreen.storyboard in Resources */,
				AED6F57F1DACD8D8007ED1B8 /* RPGQuestListViewController.xib in Resources */,
				AED6F5871DACDCAD007ED1B8 /* RPGQuestListTableViewCell.xib in Resources */,
				AED6F58C1DACECBD007ED1B8 /* RPGQuestViewController.xib in Resources */,
				288E85DA1DABDA8A00321F4D /* Assets.xcassets in Resources */,
				AED6F5791DACD641007ED1B8 /* RPGSettingsViewController.xib in Resources */,
			);
			runOnlyForDeploymentPostprocessing = 0;
		};
		288E85E11DABDA8A00321F4D /* Resources */ = {
			isa = PBXResourcesBuildPhase;
			buildActionMask = 2147483647;
			files = (
			);
			runOnlyForDeploymentPostprocessing = 0;
		};
		288E85EC1DABDA8A00321F4D /* Resources */ = {
			isa = PBXResourcesBuildPhase;
			buildActionMask = 2147483647;
			files = (
			);
			runOnlyForDeploymentPostprocessing = 0;
		};
/* End PBXResourcesBuildPhase section */

/* Begin PBXShellScriptBuildPhase section */
		520B73D55657C4B6218573A8 /* [CP] Embed Pods Frameworks */ = {
			isa = PBXShellScriptBuildPhase;
			buildActionMask = 2147483647;
			files = (
			);
			inputPaths = (
			);
			name = "[CP] Embed Pods Frameworks";
			outputPaths = (
			);
			runOnlyForDeploymentPostprocessing = 0;
			shellPath = /bin/sh;
			shellScript = "\"${SRCROOT}/Pods/Target Support Files/Pods-RPG GameTests/Pods-RPG GameTests-frameworks.sh\"\n";
			showEnvVarsInLog = 0;
		};
		8B530ACAAEB6DFB82A0BB84E /* [CP] Embed Pods Frameworks */ = {
			isa = PBXShellScriptBuildPhase;
			buildActionMask = 2147483647;
			files = (
			);
			inputPaths = (
			);
			name = "[CP] Embed Pods Frameworks";
			outputPaths = (
			);
			runOnlyForDeploymentPostprocessing = 0;
			shellPath = /bin/sh;
			shellScript = "\"${SRCROOT}/Pods/Target Support Files/Pods-RPG Game/Pods-RPG Game-frameworks.sh\"\n";
			showEnvVarsInLog = 0;
		};
		96E1935ACC3FAE91D6F02A10 /* [CP] Copy Pods Resources */ = {
			isa = PBXShellScriptBuildPhase;
			buildActionMask = 2147483647;
			files = (
			);
			inputPaths = (
			);
			name = "[CP] Copy Pods Resources";
			outputPaths = (
			);
			runOnlyForDeploymentPostprocessing = 0;
			shellPath = /bin/sh;
			shellScript = "\"${SRCROOT}/Pods/Target Support Files/Pods-RPG GameTests/Pods-RPG GameTests-resources.sh\"\n";
			showEnvVarsInLog = 0;
		};
		BB4B8AE76E5C08D611384991 /* [CP] Copy Pods Resources */ = {
			isa = PBXShellScriptBuildPhase;
			buildActionMask = 2147483647;
			files = (
			);
			inputPaths = (
			);
			name = "[CP] Copy Pods Resources";
			outputPaths = (
			);
			runOnlyForDeploymentPostprocessing = 0;
			shellPath = /bin/sh;
			shellScript = "\"${SRCROOT}/Pods/Target Support Files/Pods-RPG GameUITests/Pods-RPG GameUITests-resources.sh\"\n";
			showEnvVarsInLog = 0;
		};
		C7E41382EC6D294D4D0458BB /* [CP] Copy Pods Resources */ = {
			isa = PBXShellScriptBuildPhase;
			buildActionMask = 2147483647;
			files = (
			);
			inputPaths = (
			);
			name = "[CP] Copy Pods Resources";
			outputPaths = (
			);
			runOnlyForDeploymentPostprocessing = 0;
			shellPath = /bin/sh;
			shellScript = "\"${SRCROOT}/Pods/Target Support Files/Pods-RPG Game/Pods-RPG Game-resources.sh\"\n";
			showEnvVarsInLog = 0;
		};
		D4D23F35D90D259EBFD5D3B9 /* [CP] Check Pods Manifest.lock */ = {
			isa = PBXShellScriptBuildPhase;
			buildActionMask = 2147483647;
			files = (
			);
			inputPaths = (
			);
			name = "[CP] Check Pods Manifest.lock";
			outputPaths = (
			);
			runOnlyForDeploymentPostprocessing = 0;
			shellPath = /bin/sh;
			shellScript = "diff \"${PODS_ROOT}/../Podfile.lock\" \"${PODS_ROOT}/Manifest.lock\" > /dev/null\nif [[ $? != 0 ]] ; then\n    cat << EOM\nerror: The sandbox is not in sync with the Podfile.lock. Run 'pod install' or update your CocoaPods installation.\nEOM\n    exit 1\nfi\n";
			showEnvVarsInLog = 0;
		};
		D6441C71AA7D7F4358A055AA /* [CP] Check Pods Manifest.lock */ = {
			isa = PBXShellScriptBuildPhase;
			buildActionMask = 2147483647;
			files = (
			);
			inputPaths = (
			);
			name = "[CP] Check Pods Manifest.lock";
			outputPaths = (
			);
			runOnlyForDeploymentPostprocessing = 0;
			shellPath = /bin/sh;
			shellScript = "diff \"${PODS_ROOT}/../Podfile.lock\" \"${PODS_ROOT}/Manifest.lock\" > /dev/null\nif [[ $? != 0 ]] ; then\n    cat << EOM\nerror: The sandbox is not in sync with the Podfile.lock. Run 'pod install' or update your CocoaPods installation.\nEOM\n    exit 1\nfi\n";
			showEnvVarsInLog = 0;
		};
		ED7179B799121BF053E9161F /* [CP] Check Pods Manifest.lock */ = {
			isa = PBXShellScriptBuildPhase;
			buildActionMask = 2147483647;
			files = (
			);
			inputPaths = (
			);
			name = "[CP] Check Pods Manifest.lock";
			outputPaths = (
			);
			runOnlyForDeploymentPostprocessing = 0;
			shellPath = /bin/sh;
			shellScript = "diff \"${PODS_ROOT}/../Podfile.lock\" \"${PODS_ROOT}/Manifest.lock\" > /dev/null\nif [[ $? != 0 ]] ; then\n    cat << EOM\nerror: The sandbox is not in sync with the Podfile.lock. Run 'pod install' or update your CocoaPods installation.\nEOM\n    exit 1\nfi\n";
			showEnvVarsInLog = 0;
		};
/* End PBXShellScriptBuildPhase section */

/* Begin PBXSourcesBuildPhase section */
		288E85C61DABDA8A00321F4D /* Sources */ = {
			isa = PBXSourcesBuildPhase;
			buildActionMask = 2147483647;
			files = (
				D08ECC391DAE74080092F705 /* NibNames.m in Sources */,
				D0CFEE551DB13B2200C61D0B /* RPGSFXEngine.m in Sources */,
				283ADCF81DAD3CAB00BDC706 /* RPGRequest.m in Sources */,
				AED6F5781DACD641007ED1B8 /* RPGSettingsViewController.m in Sources */,
				281499E61DAE36E300C26881 /* RPGAuthorizationRequest+Serialization.m in Sources */,
				D08ECC461DAFCD240092F705 /* RPGBackgroundMusicController.m in Sources */,
				AED6F57E1DACD8D8007ED1B8 /* RPGQuestListViewController.m in Sources */,
				AED6F5751DACD641007ED1B8 /* RPGBattleViewController.m in Sources */,
				283ADD0B1DAD48DA00BDC706 /* RPGBattleInitResponse.m in Sources */,
				283ADCFB1DAD3CBA00BDC706 /* RPGResponse.m in Sources */,
				288E85D21DABDA8A00321F4D /* AppDelegate.m in Sources */,
				281499E31DAE304300C26881 /* RPGAuthorizationRequest.m in Sources */,
				288E85CF1DABDA8A00321F4D /* main.m in Sources */,
				283ADCFE1DAD3D1C00BDC706 /* RPGNetworkManager.m in Sources */,
				283ADD031DAD454000BDC706 /* RPGRequest+Serialization.m in Sources */,
				D0CFEE601DB2946E00C61D0B /* AppleOpenALSupport.c in Sources */,
				D0CFEE611DB2946E00C61D0B /* CMOpenALSound.m in Sources */,
				AED6F58B1DACECBD007ED1B8 /* RPGQuestViewController.m in Sources */,
				283ADD0F1DAD502200BDC706 /* RPGBattleConditionResponse.m in Sources */,
				283ADD081DAD46EC00BDC706 /* RPGResponse+Serialization.m in Sources */,
				D0CFEE621DB2946E00C61D0B /* CMOpenALSoundManager.m in Sources */,
				288E86021DABDADB00321F4D /* RPGMainViewController.m in Sources */,
				AED6F5861DACDCAD007ED1B8 /* RPGQuestListTableViewCell.m in Sources */,
			);
			runOnlyForDeploymentPostprocessing = 0;
		};
		288E85DF1DABDA8A00321F4D /* Sources */ = {
			isa = PBXSourcesBuildPhase;
			buildActionMask = 2147483647;
			files = (
				288E85E81DABDA8A00321F4D /* RPG_GameTests.m in Sources */,
			);
			runOnlyForDeploymentPostprocessing = 0;
		};
		288E85EA1DABDA8A00321F4D /* Sources */ = {
			isa = PBXSourcesBuildPhase;
			buildActionMask = 2147483647;
			files = (
				288E85F31DABDA8A00321F4D /* RPG_GameUITests.m in Sources */,
			);
			runOnlyForDeploymentPostprocessing = 0;
		};
/* End PBXSourcesBuildPhase section */

/* Begin PBXTargetDependency section */
		288E85E51DABDA8A00321F4D /* PBXTargetDependency */ = {
			isa = PBXTargetDependency;
			target = 288E85C91DABDA8A00321F4D /* RPG Game */;
			targetProxy = 288E85E41DABDA8A00321F4D /* PBXContainerItemProxy */;
		};
		288E85F01DABDA8A00321F4D /* PBXTargetDependency */ = {
			isa = PBXTargetDependency;
			target = 288E85C91DABDA8A00321F4D /* RPG Game */;
			targetProxy = 288E85EF1DABDA8A00321F4D /* PBXContainerItemProxy */;
		};
/* End PBXTargetDependency section */

/* Begin PBXVariantGroup section */
		288E85DB1DABDA8A00321F4D /* LaunchScreen.storyboard */ = {
			isa = PBXVariantGroup;
			children = (
				288E85DC1DABDA8A00321F4D /* Base */,
			);
			name = LaunchScreen.storyboard;
			sourceTree = "<group>";
		};
/* End PBXVariantGroup section */

/* Begin XCBuildConfiguration section */
		288E85F51DABDA8A00321F4D /* Debug */ = {
			isa = XCBuildConfiguration;
			buildSettings = {
				ALWAYS_SEARCH_USER_PATHS = NO;
				CLANG_ANALYZER_NONNULL = YES;
				CLANG_CXX_LANGUAGE_STANDARD = "gnu++0x";
				CLANG_CXX_LIBRARY = "libc++";
				CLANG_ENABLE_MODULES = YES;
				CLANG_ENABLE_OBJC_ARC = YES;
				CLANG_WARN_BOOL_CONVERSION = YES;
				CLANG_WARN_CONSTANT_CONVERSION = YES;
				CLANG_WARN_DIRECT_OBJC_ISA_USAGE = YES_ERROR;
				CLANG_WARN_EMPTY_BODY = YES;
				CLANG_WARN_ENUM_CONVERSION = YES;
				CLANG_WARN_INT_CONVERSION = YES;
				CLANG_WARN_OBJC_ROOT_CLASS = YES_ERROR;
				CLANG_WARN_UNREACHABLE_CODE = YES;
				CLANG_WARN__DUPLICATE_METHOD_MATCH = YES;
				"CODE_SIGN_IDENTITY[sdk=iphoneos*]" = "iPhone Developer";
				COPY_PHASE_STRIP = NO;
				DEBUG_INFORMATION_FORMAT = dwarf;
				ENABLE_STRICT_OBJC_MSGSEND = YES;
				ENABLE_TESTABILITY = YES;
				GCC_C_LANGUAGE_STANDARD = gnu99;
				GCC_DYNAMIC_NO_PIC = NO;
				GCC_NO_COMMON_BLOCKS = YES;
				GCC_OPTIMIZATION_LEVEL = 0;
				GCC_PREPROCESSOR_DEFINITIONS = (
					"DEBUG=1",
					"$(inherited)",
				);
				GCC_WARN_64_TO_32_BIT_CONVERSION = YES;
				GCC_WARN_ABOUT_RETURN_TYPE = YES_ERROR;
				GCC_WARN_UNDECLARED_SELECTOR = YES;
				GCC_WARN_UNINITIALIZED_AUTOS = YES_AGGRESSIVE;
				GCC_WARN_UNUSED_FUNCTION = YES;
				GCC_WARN_UNUSED_VARIABLE = YES;
				IPHONEOS_DEPLOYMENT_TARGET = 9.3;
				MTL_ENABLE_DEBUG_INFO = YES;
				ONLY_ACTIVE_ARCH = YES;
				SDKROOT = iphoneos;
				TARGETED_DEVICE_FAMILY = "1,2";
			};
			name = Debug;
		};
		288E85F61DABDA8A00321F4D /* Release */ = {
			isa = XCBuildConfiguration;
			buildSettings = {
				ALWAYS_SEARCH_USER_PATHS = NO;
				CLANG_ANALYZER_NONNULL = YES;
				CLANG_CXX_LANGUAGE_STANDARD = "gnu++0x";
				CLANG_CXX_LIBRARY = "libc++";
				CLANG_ENABLE_MODULES = YES;
				CLANG_ENABLE_OBJC_ARC = YES;
				CLANG_WARN_BOOL_CONVERSION = YES;
				CLANG_WARN_CONSTANT_CONVERSION = YES;
				CLANG_WARN_DIRECT_OBJC_ISA_USAGE = YES_ERROR;
				CLANG_WARN_EMPTY_BODY = YES;
				CLANG_WARN_ENUM_CONVERSION = YES;
				CLANG_WARN_INT_CONVERSION = YES;
				CLANG_WARN_OBJC_ROOT_CLASS = YES_ERROR;
				CLANG_WARN_UNREACHABLE_CODE = YES;
				CLANG_WARN__DUPLICATE_METHOD_MATCH = YES;
				"CODE_SIGN_IDENTITY[sdk=iphoneos*]" = "iPhone Developer";
				COPY_PHASE_STRIP = NO;
				DEBUG_INFORMATION_FORMAT = "dwarf-with-dsym";
				ENABLE_NS_ASSERTIONS = NO;
				ENABLE_STRICT_OBJC_MSGSEND = YES;
				GCC_C_LANGUAGE_STANDARD = gnu99;
				GCC_NO_COMMON_BLOCKS = YES;
				GCC_WARN_64_TO_32_BIT_CONVERSION = YES;
				GCC_WARN_ABOUT_RETURN_TYPE = YES_ERROR;
				GCC_WARN_UNDECLARED_SELECTOR = YES;
				GCC_WARN_UNINITIALIZED_AUTOS = YES_AGGRESSIVE;
				GCC_WARN_UNUSED_FUNCTION = YES;
				GCC_WARN_UNUSED_VARIABLE = YES;
				IPHONEOS_DEPLOYMENT_TARGET = 9.3;
				MTL_ENABLE_DEBUG_INFO = NO;
				SDKROOT = iphoneos;
				TARGETED_DEVICE_FAMILY = "1,2";
				VALIDATE_PRODUCT = YES;
			};
			name = Release;
		};
		288E85F81DABDA8A00321F4D /* Debug */ = {
			isa = XCBuildConfiguration;
			baseConfigurationReference = 0AFAFE83BF61093CEFA12B51 /* Pods-RPG Game.debug.xcconfig */;
			buildSettings = {
				ASSETCATALOG_COMPILER_APPICON_NAME = AppIcon;
				CLANG_ENABLE_OBJC_ARC = NO;
				INFOPLIST_FILE = "RPG Game/Info.plist";
				LD_RUNPATH_SEARCH_PATHS = "$(inherited) @executable_path/Frameworks";
				PRODUCT_BUNDLE_IDENTIFIER = "com.zeo.RPG-team.RPG-Game";
				PRODUCT_NAME = "$(TARGET_NAME)";
			};
			name = Debug;
		};
		288E85F91DABDA8A00321F4D /* Release */ = {
			isa = XCBuildConfiguration;
			baseConfigurationReference = 9864644C8038713EF8524DC8 /* Pods-RPG Game.release.xcconfig */;
			buildSettings = {
				ASSETCATALOG_COMPILER_APPICON_NAME = AppIcon;
				CLANG_ENABLE_OBJC_ARC = NO;
				INFOPLIST_FILE = "RPG Game/Info.plist";
				LD_RUNPATH_SEARCH_PATHS = "$(inherited) @executable_path/Frameworks";
				PRODUCT_BUNDLE_IDENTIFIER = "com.zeo.RPG-team.RPG-Game";
				PRODUCT_NAME = "$(TARGET_NAME)";
			};
			name = Release;
		};
		288E85FB1DABDA8A00321F4D /* Debug */ = {
			isa = XCBuildConfiguration;
			baseConfigurationReference = D152597090E5403B60AB645B /* Pods-RPG GameTests.debug.xcconfig */;
			buildSettings = {
				BUNDLE_LOADER = "$(TEST_HOST)";
				INFOPLIST_FILE = "RPG GameTests/Info.plist";
				LD_RUNPATH_SEARCH_PATHS = "$(inherited) @executable_path/Frameworks @loader_path/Frameworks";
				PRODUCT_BUNDLE_IDENTIFIER = "com.zeo.RPG-team.RPG-GameTests";
				PRODUCT_NAME = "$(TARGET_NAME)";
				TEST_HOST = "$(BUILT_PRODUCTS_DIR)/RPG Game.app/RPG Game";
			};
			name = Debug;
		};
		288E85FC1DABDA8A00321F4D /* Release */ = {
			isa = XCBuildConfiguration;
			baseConfigurationReference = 134A9863E9725FDBC6942939 /* Pods-RPG GameTests.release.xcconfig */;
			buildSettings = {
				BUNDLE_LOADER = "$(TEST_HOST)";
				INFOPLIST_FILE = "RPG GameTests/Info.plist";
				LD_RUNPATH_SEARCH_PATHS = "$(inherited) @executable_path/Frameworks @loader_path/Frameworks";
				PRODUCT_BUNDLE_IDENTIFIER = "com.zeo.RPG-team.RPG-GameTests";
				PRODUCT_NAME = "$(TARGET_NAME)";
				TEST_HOST = "$(BUILT_PRODUCTS_DIR)/RPG Game.app/RPG Game";
			};
			name = Release;
		};
		288E85FE1DABDA8A00321F4D /* Debug */ = {
			isa = XCBuildConfiguration;
			baseConfigurationReference = F6D4CAB61431492EB7A0347B /* Pods-RPG GameUITests.debug.xcconfig */;
			buildSettings = {
				INFOPLIST_FILE = "RPG GameUITests/Info.plist";
				LD_RUNPATH_SEARCH_PATHS = "$(inherited) @executable_path/Frameworks @loader_path/Frameworks";
				PRODUCT_BUNDLE_IDENTIFIER = "com.zeo.RPG-team.RPG-GameUITests";
				PRODUCT_NAME = "$(TARGET_NAME)";
				TEST_TARGET_NAME = "RPG Game";
			};
			name = Debug;
		};
		288E85FF1DABDA8A00321F4D /* Release */ = {
			isa = XCBuildConfiguration;
			baseConfigurationReference = 810370191D8BD309214BF556 /* Pods-RPG GameUITests.release.xcconfig */;
			buildSettings = {
				INFOPLIST_FILE = "RPG GameUITests/Info.plist";
				LD_RUNPATH_SEARCH_PATHS = "$(inherited) @executable_path/Frameworks @loader_path/Frameworks";
				PRODUCT_BUNDLE_IDENTIFIER = "com.zeo.RPG-team.RPG-GameUITests";
				PRODUCT_NAME = "$(TARGET_NAME)";
				TEST_TARGET_NAME = "RPG Game";
			};
			name = Release;
		};
/* End XCBuildConfiguration section */

/* Begin XCConfigurationList section */
		288E85C51DABDA8A00321F4D /* Build configuration list for PBXProject "RPG Game" */ = {
			isa = XCConfigurationList;
			buildConfigurations = (
				288E85F51DABDA8A00321F4D /* Debug */,
				288E85F61DABDA8A00321F4D /* Release */,
			);
			defaultConfigurationIsVisible = 0;
			defaultConfigurationName = Release;
		};
		288E85F71DABDA8A00321F4D /* Build configuration list for PBXNativeTarget "RPG Game" */ = {
			isa = XCConfigurationList;
			buildConfigurations = (
				288E85F81DABDA8A00321F4D /* Debug */,
				288E85F91DABDA8A00321F4D /* Release */,
			);
			defaultConfigurationIsVisible = 0;
			defaultConfigurationName = Release;
		};
		288E85FA1DABDA8A00321F4D /* Build configuration list for PBXNativeTarget "RPG GameTests" */ = {
			isa = XCConfigurationList;
			buildConfigurations = (
				288E85FB1DABDA8A00321F4D /* Debug */,
				288E85FC1DABDA8A00321F4D /* Release */,
			);
			defaultConfigurationIsVisible = 0;
			defaultConfigurationName = Release;
		};
		288E85FD1DABDA8A00321F4D /* Build configuration list for PBXNativeTarget "RPG GameUITests" */ = {
			isa = XCConfigurationList;
			buildConfigurations = (
				288E85FE1DABDA8A00321F4D /* Debug */,
				288E85FF1DABDA8A00321F4D /* Release */,
			);
			defaultConfigurationIsVisible = 0;
			defaultConfigurationName = Release;
		};
/* End XCConfigurationList section */
	};
	rootObject = 288E85C21DABDA8A00321F4D /* Project object */;
}
