// !$*UTF8*$!
{
	archiveVersion = 1;
	classes = {
	};
	objectVersion = 46;
	objects = {

/* Begin PBXBuildFile section */
		280A52331DB7C64000FF66B8 /* RPGStatusCodes.m in Sources */ = {isa = PBXBuildFile; fileRef = 280A52321DB7C64000FF66B8 /* RPGStatusCodes.m */; };
		281499F21DAFCC6200C26881 /* RPGAuthorizationLoginResponse.m in Sources */ = {isa = PBXBuildFile; fileRef = 281499F11DAFCC6200C26881 /* RPGAuthorizationLoginResponse.m */; };
		281499F51DAFCC7800C26881 /* RPGAuthorizationLogoutResponse.m in Sources */ = {isa = PBXBuildFile; fileRef = 281499F41DAFCC7800C26881 /* RPGAuthorizationLogoutResponse.m */; };
		281499FD1DAFCCED00C26881 /* RPGAuthorizationLoginRequest.m in Sources */ = {isa = PBXBuildFile; fileRef = 281499FC1DAFCCED00C26881 /* RPGAuthorizationLoginRequest.m */; };
		28149A011DAFCD7000C26881 /* RPGAuthorizationLoginRequest+Serialization.m in Sources */ = {isa = PBXBuildFile; fileRef = 28149A001DAFCD7000C26881 /* RPGAuthorizationLoginRequest+Serialization.m */; };
		28149A041DAFCDE400C26881 /* RPGAuthorizationLogoutRequest.m in Sources */ = {isa = PBXBuildFile; fileRef = 28149A031DAFCDE400C26881 /* RPGAuthorizationLogoutRequest.m */; };
		28149A071DAFCF1C00C26881 /* RPGAuthorizationLogoutRequest+Serialization.m in Sources */ = {isa = PBXBuildFile; fileRef = 28149A061DAFCF1C00C26881 /* RPGAuthorizationLogoutRequest+Serialization.m */; };
		28149A0A1DAFEF2B00C26881 /* RPGAuthorizationLoginResponse+Serialization.m in Sources */ = {isa = PBXBuildFile; fileRef = 28149A091DAFEF2B00C26881 /* RPGAuthorizationLoginResponse+Serialization.m */; };
		28149A0D1DAFEF4F00C26881 /* RPGAuthorizationLogoutResponse+Serialization.m in Sources */ = {isa = PBXBuildFile; fileRef = 28149A0C1DAFEF4F00C26881 /* RPGAuthorizationLogoutResponse+Serialization.m */; };
		28149A101DB1007400C26881 /* RPGNibNames.m in Sources */ = {isa = PBXBuildFile; fileRef = 28149A0F1DB1007400C26881 /* RPGNibNames.m */; };
		28149A1A1DB1011300C26881 /* RPGLoginViewController.m in Sources */ = {isa = PBXBuildFile; fileRef = 28149A151DB1011300C26881 /* RPGLoginViewController.m */; };
		28149A1B1DB1011300C26881 /* RPGLoginViewController.xib in Resources */ = {isa = PBXBuildFile; fileRef = 28149A161DB1011300C26881 /* RPGLoginViewController.xib */; };
		28149A1C1DB1011300C26881 /* RPGRegistrationViewController.m in Sources */ = {isa = PBXBuildFile; fileRef = 28149A181DB1011300C26881 /* RPGRegistrationViewController.m */; };
		28149A1D1DB1011300C26881 /* RPGRegistrationViewController.xib in Resources */ = {isa = PBXBuildFile; fileRef = 28149A191DB1011300C26881 /* RPGRegistrationViewController.xib */; };
		2817233D1DB5005500F74403 /* RPGQuestProofImageViewController.m in Sources */ = {isa = PBXBuildFile; fileRef = 2817233B1DB5005500F74403 /* RPGQuestProofImageViewController.m */; };
		2817233E1DB5005500F74403 /* RPGQuestProofImageViewController.xib in Resources */ = {isa = PBXBuildFile; fileRef = 2817233C1DB5005500F74403 /* RPGQuestProofImageViewController.xib */; };
		283ADCF81DAD3CAB00BDC706 /* RPGRequest.m in Sources */ = {isa = PBXBuildFile; fileRef = 283ADCF71DAD3CAB00BDC706 /* RPGRequest.m */; };
		283ADCFB1DAD3CBA00BDC706 /* RPGResponse.m in Sources */ = {isa = PBXBuildFile; fileRef = 283ADCFA1DAD3CBA00BDC706 /* RPGResponse.m */; };
		283ADCFE1DAD3D1C00BDC706 /* RPGNetworkManager.m in Sources */ = {isa = PBXBuildFile; fileRef = 283ADCFD1DAD3D1C00BDC706 /* RPGNetworkManager.m */; };
		283ADD031DAD454000BDC706 /* RPGRequest+Serialization.m in Sources */ = {isa = PBXBuildFile; fileRef = 283ADD021DAD454000BDC706 /* RPGRequest+Serialization.m */; };
		283ADD081DAD46EC00BDC706 /* RPGResponse+Serialization.m in Sources */ = {isa = PBXBuildFile; fileRef = 283ADD071DAD46EC00BDC706 /* RPGResponse+Serialization.m */; };
		283ADD0B1DAD48DA00BDC706 /* RPGBattleInitResponse.m in Sources */ = {isa = PBXBuildFile; fileRef = 283ADD0A1DAD48DA00BDC706 /* RPGBattleInitResponse.m */; };
		283ADD0F1DAD502200BDC706 /* RPGBattleConditionResponse.m in Sources */ = {isa = PBXBuildFile; fileRef = 283ADD0E1DAD502200BDC706 /* RPGBattleConditionResponse.m */; };
		285231411DC0EB76002F702B /* RPGBattleConditionResponse+Serialization.m in Sources */ = {isa = PBXBuildFile; fileRef = 285231401DC0EB76002F702B /* RPGBattleConditionResponse+Serialization.m */; };
		285231541DC0F089002F702B /* RPGBattle.m in Sources */ = {isa = PBXBuildFile; fileRef = 285231431DC0F089002F702B /* RPGBattle.m */; };
		285231551DC0F089002F702B /* RPGBattleInitResponse+Serialization.m in Sources */ = {isa = PBXBuildFile; fileRef = 285231451DC0F089002F702B /* RPGBattleInitResponse+Serialization.m */; };
		285231561DC0F089002F702B /* RPGEntity.m in Sources */ = {isa = PBXBuildFile; fileRef = 285231471DC0F089002F702B /* RPGEntity.m */; };
		285231571DC0F089002F702B /* RPGEntity+Serialization.m in Sources */ = {isa = PBXBuildFile; fileRef = 285231491DC0F089002F702B /* RPGEntity+Serialization.m */; };
		285231581DC0F089002F702B /* RPGPlayer.m in Sources */ = {isa = PBXBuildFile; fileRef = 2852314B1DC0F089002F702B /* RPGPlayer.m */; };
		285231591DC0F089002F702B /* RPGPlayer+Serialization.m in Sources */ = {isa = PBXBuildFile; fileRef = 2852314D1DC0F089002F702B /* RPGPlayer+Serialization.m */; };
		2852315A1DC0F089002F702B /* RPGSkill.m in Sources */ = {isa = PBXBuildFile; fileRef = 2852314F1DC0F089002F702B /* RPGSkill.m */; };
		2852315B1DC0F089002F702B /* RPGSkill+Serialization.m in Sources */ = {isa = PBXBuildFile; fileRef = 285231511DC0F089002F702B /* RPGSkill+Serialization.m */; };
		2852315C1DC0F089002F702B /* RPGSkillActionRequest.m in Sources */ = {isa = PBXBuildFile; fileRef = 285231531DC0F089002F702B /* RPGSkillActionRequest.m */; };
		2862B9A81DB6234F00FD05A5 /* RPGNetworkManager+Authorization.m in Sources */ = {isa = PBXBuildFile; fileRef = 2862B9A71DB6234F00FD05A5 /* RPGNetworkManager+Authorization.m */; };
		2862B9AB1DB6243200FD05A5 /* RPGNetworkManager+Registration.m in Sources */ = {isa = PBXBuildFile; fileRef = 2862B9AA1DB6243200FD05A5 /* RPGNetworkManager+Registration.m */; };
		288E85CF1DABDA8A00321F4D /* main.m in Sources */ = {isa = PBXBuildFile; fileRef = 288E85CE1DABDA8A00321F4D /* main.m */; };
		288E85D21DABDA8A00321F4D /* AppDelegate.m in Sources */ = {isa = PBXBuildFile; fileRef = 288E85D11DABDA8A00321F4D /* AppDelegate.m */; };
		288E85DA1DABDA8A00321F4D /* Assets.xcassets in Resources */ = {isa = PBXBuildFile; fileRef = 288E85D91DABDA8A00321F4D /* Assets.xcassets */; };
		288E85DD1DABDA8A00321F4D /* LaunchScreen.storyboard in Resources */ = {isa = PBXBuildFile; fileRef = 288E85DB1DABDA8A00321F4D /* LaunchScreen.storyboard */; };
		288E85E81DABDA8A00321F4D /* RPG_GameTests.m in Sources */ = {isa = PBXBuildFile; fileRef = 288E85E71DABDA8A00321F4D /* RPG_GameTests.m */; };
		288E85F31DABDA8A00321F4D /* RPG_GameUITests.m in Sources */ = {isa = PBXBuildFile; fileRef = 288E85F21DABDA8A00321F4D /* RPG_GameUITests.m */; };
		288E86021DABDADB00321F4D /* RPGMainViewController.m in Sources */ = {isa = PBXBuildFile; fileRef = 288E86011DABDADB00321F4D /* RPGMainViewController.m */; };
		28A1F2661DC23DD400F9DF3A /* RPGSkillActionRequest+Serialization.m in Sources */ = {isa = PBXBuildFile; fileRef = 28A1F2651DC23DD400F9DF3A /* RPGSkillActionRequest+Serialization.m */; };
		28A309621DBF81DC0026459F /* NSUserDefaults+RPGVolumeSettings.m in Sources */ = {isa = PBXBuildFile; fileRef = 28A309611DBF81DC0026459F /* NSUserDefaults+RPGVolumeSettings.m */; };
		28A5A0D61DB8E95E000EF49F /* RPGNetworkManager+Quests.m in Sources */ = {isa = PBXBuildFile; fileRef = 28A5A0D31DB8E95E000EF49F /* RPGNetworkManager+Quests.m */; };
		28A5A0DF1DB9186B000EF49F /* RPGQuest.m in Sources */ = {isa = PBXBuildFile; fileRef = 28A5A0DC1DB9186B000EF49F /* RPGQuest.m */; };
		28A5A0E01DB9186B000EF49F /* RPGQuest+Serialization.m in Sources */ = {isa = PBXBuildFile; fileRef = 28A5A0DE1DB9186B000EF49F /* RPGQuest+Serialization.m */; };
		28A5A0E51DB91878000EF49F /* RPGQuestReward.m in Sources */ = {isa = PBXBuildFile; fileRef = 28A5A0E21DB91878000EF49F /* RPGQuestReward.m */; };
		28A5A0E61DB91878000EF49F /* RPGQuestReward+Serialization.m in Sources */ = {isa = PBXBuildFile; fileRef = 28A5A0E41DB91878000EF49F /* RPGQuestReward+Serialization.m */; };
		28D175431DBA42B600A934ED /* RPGBattleManager.m in Sources */ = {isa = PBXBuildFile; fileRef = 28D175421DBA42B600A934ED /* RPGBattleManager.m */; };
		28F102221DB7756500C969CA /* RPGUserSessionKeys.m in Sources */ = {isa = PBXBuildFile; fileRef = 28F102211DB7756500C969CA /* RPGUserSessionKeys.m */; };
		28F102251DB7756C00C969CA /* NSUserDefaults+RPGSessionInfo.m in Sources */ = {isa = PBXBuildFile; fileRef = 28F102241DB7756C00C969CA /* NSUserDefaults+RPGSessionInfo.m */; };
		2A8D9B9F1DB14B5A0026A5AB /* RPGTimeResponse.m in Sources */ = {isa = PBXBuildFile; fileRef = 2A8D9B9E1DB14B5A0026A5AB /* RPGTimeResponse.m */; };
		2A8D9BA21DB1587C0026A5AB /* RPGTimeResponse+Serialization.m in Sources */ = {isa = PBXBuildFile; fileRef = 2A8D9BA11DB1587C0026A5AB /* RPGTimeResponse+Serialization.m */; };
		2A8D9BA61DB164520026A5AB /* RPGRegistrationRequest.m in Sources */ = {isa = PBXBuildFile; fileRef = 2A8D9BA51DB164520026A5AB /* RPGRegistrationRequest.m */; };
		2A8D9BA91DB252170026A5AB /* RPGRegistrationRequest+Serialization.m in Sources */ = {isa = PBXBuildFile; fileRef = 2A8D9BA81DB252170026A5AB /* RPGRegistrationRequest+Serialization.m */; };
		580969FEA8C97C8111441230 /* libPods-RPG Game.a in Frameworks */ = {isa = PBXBuildFile; fileRef = 9E84F6E8CA62397A8A89BD4E /* libPods-RPG Game.a */; };
		AE5E68011DBA773100715480 /* RPGQuestRequest.m in Sources */ = {isa = PBXBuildFile; fileRef = AE5E68001DBA773100715480 /* RPGQuestRequest.m */; };
		AE5E68041DBA78B200715480 /* RPGQuestRequest+Serialization.m in Sources */ = {isa = PBXBuildFile; fileRef = AE5E68031DBA78B200715480 /* RPGQuestRequest+Serialization.m */; };
		AE5E68071DBA7EA300715480 /* RPGQuestResponse.m in Sources */ = {isa = PBXBuildFile; fileRef = AE5E68061DBA7EA300715480 /* RPGQuestResponse.m */; };
		AE5E680A1DBA7EB900715480 /* RPGQuestResponse+Serialization.m in Sources */ = {isa = PBXBuildFile; fileRef = AE5E68091DBA7EB900715480 /* RPGQuestResponse+Serialization.m */; };
		AE6D32DE1DB6343700F58878 /* RPGQuestListResponse+Serialization.m in Sources */ = {isa = PBXBuildFile; fileRef = AE6D32DD1DB6343700F58878 /* RPGQuestListResponse+Serialization.m */; };
		AE7B37E51DC0E43B00D105C5 /* RPGQuestReviewRequest.m in Sources */ = {isa = PBXBuildFile; fileRef = AE7B37E41DC0E43B00D105C5 /* RPGQuestReviewRequest.m */; };
		AE7B37E81DC0E5BC00D105C5 /* RPGQuestReviewRequest+Serialization.m in Sources */ = {isa = PBXBuildFile; fileRef = AE7B37E71DC0E5BC00D105C5 /* RPGQuestReviewRequest+Serialization.m */; };
		AE8076381DB5360400AF5E5B /* RPGQuestListResponse.m in Sources */ = {isa = PBXBuildFile; fileRef = AE8076371DB5360400AF5E5B /* RPGQuestListResponse.m */; };
		AED6F5751DACD641007ED1B8 /* RPGBattleViewController.m in Sources */ = {isa = PBXBuildFile; fileRef = AED6F56F1DACD641007ED1B8 /* RPGBattleViewController.m */; };
		AED6F5761DACD641007ED1B8 /* RPGBattleViewController.xib in Resources */ = {isa = PBXBuildFile; fileRef = AED6F5701DACD641007ED1B8 /* RPGBattleViewController.xib */; };
		AED6F5771DACD641007ED1B8 /* RPGMainView.xib in Resources */ = {isa = PBXBuildFile; fileRef = AED6F5711DACD641007ED1B8 /* RPGMainView.xib */; };
		AED6F5781DACD641007ED1B8 /* RPGSettingsViewController.m in Sources */ = {isa = PBXBuildFile; fileRef = AED6F5731DACD641007ED1B8 /* RPGSettingsViewController.m */; };
		AED6F5791DACD641007ED1B8 /* RPGSettingsViewController.xib in Resources */ = {isa = PBXBuildFile; fileRef = AED6F5741DACD641007ED1B8 /* RPGSettingsViewController.xib */; };
		AED6F57E1DACD8D8007ED1B8 /* RPGQuestListViewController.m in Sources */ = {isa = PBXBuildFile; fileRef = AED6F57C1DACD8D8007ED1B8 /* RPGQuestListViewController.m */; };
		AED6F57F1DACD8D8007ED1B8 /* RPGQuestListViewController.xib in Resources */ = {isa = PBXBuildFile; fileRef = AED6F57D1DACD8D8007ED1B8 /* RPGQuestListViewController.xib */; };
		AED6F5861DACDCAD007ED1B8 /* RPGQuestListTableViewCell.m in Sources */ = {isa = PBXBuildFile; fileRef = AED6F5841DACDCAD007ED1B8 /* RPGQuestListTableViewCell.m */; };
		AED6F5871DACDCAD007ED1B8 /* RPGQuestListTableViewCell.xib in Resources */ = {isa = PBXBuildFile; fileRef = AED6F5851DACDCAD007ED1B8 /* RPGQuestListTableViewCell.xib */; };
		AED6F58B1DACECBD007ED1B8 /* RPGQuestViewController.m in Sources */ = {isa = PBXBuildFile; fileRef = AED6F5891DACECBD007ED1B8 /* RPGQuestViewController.m */; };
		AED6F58C1DACECBD007ED1B8 /* RPGQuestViewController.xib in Resources */ = {isa = PBXBuildFile; fileRef = AED6F58A1DACECBD007ED1B8 /* RPGQuestViewController.xib */; };
		D0B229131B6ECC8305E5F55A /* libPods-RPG GameTests.a in Frameworks */ = {isa = PBXBuildFile; fileRef = 03EC8B93B483A485443989F7 /* libPods-RPG GameTests.a */; };
		D0CFEE681DB65B6100C61D0B /* RPGSFXEngine.m in Sources */ = {isa = PBXBuildFile; fileRef = D0CFEE661DB65B6100C61D0B /* RPGSFXEngine.m */; };
		D0CFEE691DB65B6100C61D0B /* Sounds.bundle in Resources */ = {isa = PBXBuildFile; fileRef = D0CFEE671DB65B6100C61D0B /* Sounds.bundle */; };
		D0CFEE761DB65C0100C61D0B /* AppleOpenALSupport.c in Sources */ = {isa = PBXBuildFile; fileRef = D0CFEE6E1DB65C0100C61D0B /* AppleOpenALSupport.c */; };
		D0CFEE771DB65C0100C61D0B /* CMOpenALSound.m in Sources */ = {isa = PBXBuildFile; fileRef = D0CFEE711DB65C0100C61D0B /* CMOpenALSound.m */; };
		D0CFEE781DB65C0100C61D0B /* CMOpenALSoundManager.m in Sources */ = {isa = PBXBuildFile; fileRef = D0CFEE731DB65C0100C61D0B /* CMOpenALSoundManager.m */; };
		D0CFEE791DB65C0100C61D0B /* RPGBackgroundMusicController.m in Sources */ = {isa = PBXBuildFile; fileRef = D0CFEE751DB65C0100C61D0B /* RPGBackgroundMusicController.m */; };
		E16485521798629D274B394A /* libPods-RPG GameUITests.a in Frameworks */ = {isa = PBXBuildFile; fileRef = 48EE8E79906C3CFA1B806543 /* libPods-RPG GameUITests.a */; };
/* End PBXBuildFile section */

/* Begin PBXContainerItemProxy section */
		288E85E41DABDA8A00321F4D /* PBXContainerItemProxy */ = {
			isa = PBXContainerItemProxy;
			containerPortal = 288E85C21DABDA8A00321F4D /* Project object */;
			proxyType = 1;
			remoteGlobalIDString = 288E85C91DABDA8A00321F4D;
			remoteInfo = "RPG Game";
		};
		288E85EF1DABDA8A00321F4D /* PBXContainerItemProxy */ = {
			isa = PBXContainerItemProxy;
			containerPortal = 288E85C21DABDA8A00321F4D /* Project object */;
			proxyType = 1;
			remoteGlobalIDString = 288E85C91DABDA8A00321F4D;
			remoteInfo = "RPG Game";
		};
/* End PBXContainerItemProxy section */

/* Begin PBXFileReference section */
		03EC8B93B483A485443989F7 /* libPods-RPG GameTests.a */ = {isa = PBXFileReference; explicitFileType = archive.ar; includeInIndex = 0; path = "libPods-RPG GameTests.a"; sourceTree = BUILT_PRODUCTS_DIR; };
		0AFAFE83BF61093CEFA12B51 /* Pods-RPG Game.debug.xcconfig */ = {isa = PBXFileReference; includeInIndex = 1; lastKnownFileType = text.xcconfig; name = "Pods-RPG Game.debug.xcconfig"; path = "Pods/Target Support Files/Pods-RPG Game/Pods-RPG Game.debug.xcconfig"; sourceTree = "<group>"; };
		134A9863E9725FDBC6942939 /* Pods-RPG GameTests.release.xcconfig */ = {isa = PBXFileReference; includeInIndex = 1; lastKnownFileType = text.xcconfig; name = "Pods-RPG GameTests.release.xcconfig"; path = "Pods/Target Support Files/Pods-RPG GameTests/Pods-RPG GameTests.release.xcconfig"; sourceTree = "<group>"; };
		280A52311DB7C64000FF66B8 /* RPGStatusCodes.h */ = {isa = PBXFileReference; fileEncoding = 4; lastKnownFileType = sourcecode.c.h; path = RPGStatusCodes.h; sourceTree = "<group>"; };
		280A52321DB7C64000FF66B8 /* RPGStatusCodes.m */ = {isa = PBXFileReference; fileEncoding = 4; lastKnownFileType = sourcecode.c.objc; path = RPGStatusCodes.m; sourceTree = "<group>"; };
		281499F01DAFCC6200C26881 /* RPGAuthorizationLoginResponse.h */ = {isa = PBXFileReference; fileEncoding = 4; lastKnownFileType = sourcecode.c.h; path = RPGAuthorizationLoginResponse.h; sourceTree = "<group>"; };
		281499F11DAFCC6200C26881 /* RPGAuthorizationLoginResponse.m */ = {isa = PBXFileReference; fileEncoding = 4; lastKnownFileType = sourcecode.c.objc; path = RPGAuthorizationLoginResponse.m; sourceTree = "<group>"; };
		281499F31DAFCC7800C26881 /* RPGAuthorizationLogoutResponse.h */ = {isa = PBXFileReference; fileEncoding = 4; lastKnownFileType = sourcecode.c.h; path = RPGAuthorizationLogoutResponse.h; sourceTree = "<group>"; };
		281499F41DAFCC7800C26881 /* RPGAuthorizationLogoutResponse.m */ = {isa = PBXFileReference; fileEncoding = 4; lastKnownFileType = sourcecode.c.objc; path = RPGAuthorizationLogoutResponse.m; sourceTree = "<group>"; };
		281499FB1DAFCCED00C26881 /* RPGAuthorizationLoginRequest.h */ = {isa = PBXFileReference; fileEncoding = 4; lastKnownFileType = sourcecode.c.h; path = RPGAuthorizationLoginRequest.h; sourceTree = "<group>"; };
		281499FC1DAFCCED00C26881 /* RPGAuthorizationLoginRequest.m */ = {isa = PBXFileReference; fileEncoding = 4; lastKnownFileType = sourcecode.c.objc; path = RPGAuthorizationLoginRequest.m; sourceTree = "<group>"; };
		281499FF1DAFCD7000C26881 /* RPGAuthorizationLoginRequest+Serialization.h */ = {isa = PBXFileReference; fileEncoding = 4; lastKnownFileType = sourcecode.c.h; path = "RPGAuthorizationLoginRequest+Serialization.h"; sourceTree = "<group>"; };
		28149A001DAFCD7000C26881 /* RPGAuthorizationLoginRequest+Serialization.m */ = {isa = PBXFileReference; fileEncoding = 4; lastKnownFileType = sourcecode.c.objc; path = "RPGAuthorizationLoginRequest+Serialization.m"; sourceTree = "<group>"; };
		28149A021DAFCDE400C26881 /* RPGAuthorizationLogoutRequest.h */ = {isa = PBXFileReference; fileEncoding = 4; lastKnownFileType = sourcecode.c.h; path = RPGAuthorizationLogoutRequest.h; sourceTree = "<group>"; };
		28149A031DAFCDE400C26881 /* RPGAuthorizationLogoutRequest.m */ = {isa = PBXFileReference; fileEncoding = 4; lastKnownFileType = sourcecode.c.objc; path = RPGAuthorizationLogoutRequest.m; sourceTree = "<group>"; };
		28149A051DAFCF1C00C26881 /* RPGAuthorizationLogoutRequest+Serialization.h */ = {isa = PBXFileReference; fileEncoding = 4; lastKnownFileType = sourcecode.c.h; path = "RPGAuthorizationLogoutRequest+Serialization.h"; sourceTree = "<group>"; };
		28149A061DAFCF1C00C26881 /* RPGAuthorizationLogoutRequest+Serialization.m */ = {isa = PBXFileReference; fileEncoding = 4; lastKnownFileType = sourcecode.c.objc; path = "RPGAuthorizationLogoutRequest+Serialization.m"; sourceTree = "<group>"; };
		28149A081DAFEF2B00C26881 /* RPGAuthorizationLoginResponse+Serialization.h */ = {isa = PBXFileReference; fileEncoding = 4; lastKnownFileType = sourcecode.c.h; path = "RPGAuthorizationLoginResponse+Serialization.h"; sourceTree = "<group>"; };
		28149A091DAFEF2B00C26881 /* RPGAuthorizationLoginResponse+Serialization.m */ = {isa = PBXFileReference; fileEncoding = 4; lastKnownFileType = sourcecode.c.objc; path = "RPGAuthorizationLoginResponse+Serialization.m"; sourceTree = "<group>"; };
		28149A0B1DAFEF4F00C26881 /* RPGAuthorizationLogoutResponse+Serialization.h */ = {isa = PBXFileReference; fileEncoding = 4; lastKnownFileType = sourcecode.c.h; path = "RPGAuthorizationLogoutResponse+Serialization.h"; sourceTree = "<group>"; };
		28149A0C1DAFEF4F00C26881 /* RPGAuthorizationLogoutResponse+Serialization.m */ = {isa = PBXFileReference; fileEncoding = 4; lastKnownFileType = sourcecode.c.objc; path = "RPGAuthorizationLogoutResponse+Serialization.m"; sourceTree = "<group>"; };
		28149A0E1DB1007400C26881 /* RPGNibNames.h */ = {isa = PBXFileReference; fileEncoding = 4; lastKnownFileType = sourcecode.c.h; path = RPGNibNames.h; sourceTree = "<group>"; };
		28149A0F1DB1007400C26881 /* RPGNibNames.m */ = {isa = PBXFileReference; fileEncoding = 4; lastKnownFileType = sourcecode.c.objc; path = RPGNibNames.m; sourceTree = "<group>"; };
		28149A141DB1011300C26881 /* RPGLoginViewController.h */ = {isa = PBXFileReference; fileEncoding = 4; lastKnownFileType = sourcecode.c.h; path = RPGLoginViewController.h; sourceTree = "<group>"; };
		28149A151DB1011300C26881 /* RPGLoginViewController.m */ = {isa = PBXFileReference; fileEncoding = 4; lastKnownFileType = sourcecode.c.objc; path = RPGLoginViewController.m; sourceTree = "<group>"; };
		28149A161DB1011300C26881 /* RPGLoginViewController.xib */ = {isa = PBXFileReference; fileEncoding = 4; lastKnownFileType = file.xib; path = RPGLoginViewController.xib; sourceTree = "<group>"; };
		28149A171DB1011300C26881 /* RPGRegistrationViewController.h */ = {isa = PBXFileReference; fileEncoding = 4; lastKnownFileType = sourcecode.c.h; path = RPGRegistrationViewController.h; sourceTree = "<group>"; };
		28149A181DB1011300C26881 /* RPGRegistrationViewController.m */ = {isa = PBXFileReference; fileEncoding = 4; lastKnownFileType = sourcecode.c.objc; path = RPGRegistrationViewController.m; sourceTree = "<group>"; };
		28149A191DB1011300C26881 /* RPGRegistrationViewController.xib */ = {isa = PBXFileReference; fileEncoding = 4; lastKnownFileType = file.xib; path = RPGRegistrationViewController.xib; sourceTree = "<group>"; };
		2817233A1DB5005500F74403 /* RPGQuestProofImageViewController.h */ = {isa = PBXFileReference; fileEncoding = 4; lastKnownFileType = sourcecode.c.h; path = RPGQuestProofImageViewController.h; sourceTree = "<group>"; };
		2817233B1DB5005500F74403 /* RPGQuestProofImageViewController.m */ = {isa = PBXFileReference; fileEncoding = 4; lastKnownFileType = sourcecode.c.objc; path = RPGQuestProofImageViewController.m; sourceTree = "<group>"; };
		2817233C1DB5005500F74403 /* RPGQuestProofImageViewController.xib */ = {isa = PBXFileReference; fileEncoding = 4; lastKnownFileType = file.xib; path = RPGQuestProofImageViewController.xib; sourceTree = "<group>"; };
		283ADCF61DAD3CAB00BDC706 /* RPGRequest.h */ = {isa = PBXFileReference; fileEncoding = 4; lastKnownFileType = sourcecode.c.h; path = RPGRequest.h; sourceTree = "<group>"; };
		283ADCF71DAD3CAB00BDC706 /* RPGRequest.m */ = {isa = PBXFileReference; fileEncoding = 4; lastKnownFileType = sourcecode.c.objc; path = RPGRequest.m; sourceTree = "<group>"; };
		283ADCF91DAD3CBA00BDC706 /* RPGResponse.h */ = {isa = PBXFileReference; fileEncoding = 4; lastKnownFileType = sourcecode.c.h; path = RPGResponse.h; sourceTree = "<group>"; };
		283ADCFA1DAD3CBA00BDC706 /* RPGResponse.m */ = {isa = PBXFileReference; fileEncoding = 4; lastKnownFileType = sourcecode.c.objc; path = RPGResponse.m; sourceTree = "<group>"; };
		283ADCFC1DAD3D1C00BDC706 /* RPGNetworkManager.h */ = {isa = PBXFileReference; fileEncoding = 4; lastKnownFileType = sourcecode.c.h; path = RPGNetworkManager.h; sourceTree = "<group>"; };
		283ADCFD1DAD3D1C00BDC706 /* RPGNetworkManager.m */ = {isa = PBXFileReference; fileEncoding = 4; lastKnownFileType = sourcecode.c.objc; path = RPGNetworkManager.m; sourceTree = "<group>"; };
		283ADD011DAD454000BDC706 /* RPGRequest+Serialization.h */ = {isa = PBXFileReference; fileEncoding = 4; lastKnownFileType = sourcecode.c.h; path = "RPGRequest+Serialization.h"; sourceTree = "<group>"; };
		283ADD021DAD454000BDC706 /* RPGRequest+Serialization.m */ = {isa = PBXFileReference; fileEncoding = 4; lastKnownFileType = sourcecode.c.objc; path = "RPGRequest+Serialization.m"; sourceTree = "<group>"; };
		283ADD061DAD46EC00BDC706 /* RPGResponse+Serialization.h */ = {isa = PBXFileReference; fileEncoding = 4; lastKnownFileType = sourcecode.c.h; path = "RPGResponse+Serialization.h"; sourceTree = "<group>"; };
		283ADD071DAD46EC00BDC706 /* RPGResponse+Serialization.m */ = {isa = PBXFileReference; fileEncoding = 4; lastKnownFileType = sourcecode.c.objc; path = "RPGResponse+Serialization.m"; sourceTree = "<group>"; };
		283ADD091DAD48DA00BDC706 /* RPGBattleInitResponse.h */ = {isa = PBXFileReference; fileEncoding = 4; lastKnownFileType = sourcecode.c.h; path = RPGBattleInitResponse.h; sourceTree = "<group>"; };
		283ADD0A1DAD48DA00BDC706 /* RPGBattleInitResponse.m */ = {isa = PBXFileReference; fileEncoding = 4; lastKnownFileType = sourcecode.c.objc; path = RPGBattleInitResponse.m; sourceTree = "<group>"; };
		283ADD0D1DAD502200BDC706 /* RPGBattleConditionResponse.h */ = {isa = PBXFileReference; fileEncoding = 4; lastKnownFileType = sourcecode.c.h; path = RPGBattleConditionResponse.h; sourceTree = "<group>"; };
		283ADD0E1DAD502200BDC706 /* RPGBattleConditionResponse.m */ = {isa = PBXFileReference; fileEncoding = 4; lastKnownFileType = sourcecode.c.objc; path = RPGBattleConditionResponse.m; sourceTree = "<group>"; };
		2852313E1DC0CBC5002F702B /* RPGSerializable.h */ = {isa = PBXFileReference; lastKnownFileType = sourcecode.c.h; path = RPGSerializable.h; sourceTree = "<group>"; };
		2852313F1DC0EB76002F702B /* RPGBattleConditionResponse+Serialization.h */ = {isa = PBXFileReference; fileEncoding = 4; lastKnownFileType = sourcecode.c.h; path = "RPGBattleConditionResponse+Serialization.h"; sourceTree = "<group>"; };
		285231401DC0EB76002F702B /* RPGBattleConditionResponse+Serialization.m */ = {isa = PBXFileReference; fileEncoding = 4; lastKnownFileType = sourcecode.c.objc; path = "RPGBattleConditionResponse+Serialization.m"; sourceTree = "<group>"; };
		285231421DC0F089002F702B /* RPGBattle.h */ = {isa = PBXFileReference; fileEncoding = 4; lastKnownFileType = sourcecode.c.h; path = RPGBattle.h; sourceTree = "<group>"; };
		285231431DC0F089002F702B /* RPGBattle.m */ = {isa = PBXFileReference; fileEncoding = 4; lastKnownFileType = sourcecode.c.objc; path = RPGBattle.m; sourceTree = "<group>"; };
		285231441DC0F089002F702B /* RPGBattleInitResponse+Serialization.h */ = {isa = PBXFileReference; fileEncoding = 4; lastKnownFileType = sourcecode.c.h; path = "RPGBattleInitResponse+Serialization.h"; sourceTree = "<group>"; };
		285231451DC0F089002F702B /* RPGBattleInitResponse+Serialization.m */ = {isa = PBXFileReference; fileEncoding = 4; lastKnownFileType = sourcecode.c.objc; path = "RPGBattleInitResponse+Serialization.m"; sourceTree = "<group>"; };
		285231461DC0F089002F702B /* RPGEntity.h */ = {isa = PBXFileReference; fileEncoding = 4; lastKnownFileType = sourcecode.c.h; path = RPGEntity.h; sourceTree = "<group>"; };
		285231471DC0F089002F702B /* RPGEntity.m */ = {isa = PBXFileReference; fileEncoding = 4; lastKnownFileType = sourcecode.c.objc; path = RPGEntity.m; sourceTree = "<group>"; };
		285231481DC0F089002F702B /* RPGEntity+Serialization.h */ = {isa = PBXFileReference; fileEncoding = 4; lastKnownFileType = sourcecode.c.h; path = "RPGEntity+Serialization.h"; sourceTree = "<group>"; };
		285231491DC0F089002F702B /* RPGEntity+Serialization.m */ = {isa = PBXFileReference; fileEncoding = 4; lastKnownFileType = sourcecode.c.objc; path = "RPGEntity+Serialization.m"; sourceTree = "<group>"; };
		2852314A1DC0F089002F702B /* RPGPlayer.h */ = {isa = PBXFileReference; fileEncoding = 4; lastKnownFileType = sourcecode.c.h; path = RPGPlayer.h; sourceTree = "<group>"; };
		2852314B1DC0F089002F702B /* RPGPlayer.m */ = {isa = PBXFileReference; fileEncoding = 4; lastKnownFileType = sourcecode.c.objc; path = RPGPlayer.m; sourceTree = "<group>"; };
		2852314C1DC0F089002F702B /* RPGPlayer+Serialization.h */ = {isa = PBXFileReference; fileEncoding = 4; lastKnownFileType = sourcecode.c.h; path = "RPGPlayer+Serialization.h"; sourceTree = "<group>"; };
		2852314D1DC0F089002F702B /* RPGPlayer+Serialization.m */ = {isa = PBXFileReference; fileEncoding = 4; lastKnownFileType = sourcecode.c.objc; path = "RPGPlayer+Serialization.m"; sourceTree = "<group>"; };
		2852314E1DC0F089002F702B /* RPGSkill.h */ = {isa = PBXFileReference; fileEncoding = 4; lastKnownFileType = sourcecode.c.h; path = RPGSkill.h; sourceTree = "<group>"; };
		2852314F1DC0F089002F702B /* RPGSkill.m */ = {isa = PBXFileReference; fileEncoding = 4; lastKnownFileType = sourcecode.c.objc; path = RPGSkill.m; sourceTree = "<group>"; };
		285231501DC0F089002F702B /* RPGSkill+Serialization.h */ = {isa = PBXFileReference; fileEncoding = 4; lastKnownFileType = sourcecode.c.h; path = "RPGSkill+Serialization.h"; sourceTree = "<group>"; };
		285231511DC0F089002F702B /* RPGSkill+Serialization.m */ = {isa = PBXFileReference; fileEncoding = 4; lastKnownFileType = sourcecode.c.objc; path = "RPGSkill+Serialization.m"; sourceTree = "<group>"; };
		285231521DC0F089002F702B /* RPGSkillActionRequest.h */ = {isa = PBXFileReference; fileEncoding = 4; lastKnownFileType = sourcecode.c.h; path = RPGSkillActionRequest.h; sourceTree = "<group>"; };
		285231531DC0F089002F702B /* RPGSkillActionRequest.m */ = {isa = PBXFileReference; fileEncoding = 4; lastKnownFileType = sourcecode.c.objc; path = RPGSkillActionRequest.m; sourceTree = "<group>"; };
		2862B9A61DB6234F00FD05A5 /* RPGNetworkManager+Authorization.h */ = {isa = PBXFileReference; fileEncoding = 4; lastKnownFileType = sourcecode.c.h; path = "RPGNetworkManager+Authorization.h"; sourceTree = "<group>"; };
		2862B9A71DB6234F00FD05A5 /* RPGNetworkManager+Authorization.m */ = {isa = PBXFileReference; fileEncoding = 4; lastKnownFileType = sourcecode.c.objc; path = "RPGNetworkManager+Authorization.m"; sourceTree = "<group>"; };
		2862B9A91DB6243200FD05A5 /* RPGNetworkManager+Registration.h */ = {isa = PBXFileReference; fileEncoding = 4; lastKnownFileType = sourcecode.c.h; path = "RPGNetworkManager+Registration.h"; sourceTree = "<group>"; };
		2862B9AA1DB6243200FD05A5 /* RPGNetworkManager+Registration.m */ = {isa = PBXFileReference; fileEncoding = 4; lastKnownFileType = sourcecode.c.objc; path = "RPGNetworkManager+Registration.m"; sourceTree = "<group>"; };
		288E85CA1DABDA8A00321F4D /* RPG Game.app */ = {isa = PBXFileReference; explicitFileType = wrapper.application; includeInIndex = 0; path = "RPG Game.app"; sourceTree = BUILT_PRODUCTS_DIR; };
		288E85CE1DABDA8A00321F4D /* main.m */ = {isa = PBXFileReference; lastKnownFileType = sourcecode.c.objc; path = main.m; sourceTree = "<group>"; };
		288E85D01DABDA8A00321F4D /* AppDelegate.h */ = {isa = PBXFileReference; lastKnownFileType = sourcecode.c.h; path = AppDelegate.h; sourceTree = "<group>"; };
		288E85D11DABDA8A00321F4D /* AppDelegate.m */ = {isa = PBXFileReference; lastKnownFileType = sourcecode.c.objc; path = AppDelegate.m; sourceTree = "<group>"; };
		288E85D91DABDA8A00321F4D /* Assets.xcassets */ = {isa = PBXFileReference; lastKnownFileType = folder.assetcatalog; path = Assets.xcassets; sourceTree = "<group>"; };
		288E85DC1DABDA8A00321F4D /* Base */ = {isa = PBXFileReference; lastKnownFileType = file.storyboard; name = Base; path = Base.lproj/LaunchScreen.storyboard; sourceTree = "<group>"; };
		288E85DE1DABDA8A00321F4D /* Info.plist */ = {isa = PBXFileReference; lastKnownFileType = text.plist.xml; path = Info.plist; sourceTree = "<group>"; };
		288E85E31DABDA8A00321F4D /* RPG GameTests.xctest */ = {isa = PBXFileReference; explicitFileType = wrapper.cfbundle; includeInIndex = 0; path = "RPG GameTests.xctest"; sourceTree = BUILT_PRODUCTS_DIR; };
		288E85E71DABDA8A00321F4D /* RPG_GameTests.m */ = {isa = PBXFileReference; lastKnownFileType = sourcecode.c.objc; path = RPG_GameTests.m; sourceTree = "<group>"; };
		288E85E91DABDA8A00321F4D /* Info.plist */ = {isa = PBXFileReference; lastKnownFileType = text.plist.xml; path = Info.plist; sourceTree = "<group>"; };
		288E85EE1DABDA8A00321F4D /* RPG GameUITests.xctest */ = {isa = PBXFileReference; explicitFileType = wrapper.cfbundle; includeInIndex = 0; path = "RPG GameUITests.xctest"; sourceTree = BUILT_PRODUCTS_DIR; };
		288E85F21DABDA8A00321F4D /* RPG_GameUITests.m */ = {isa = PBXFileReference; lastKnownFileType = sourcecode.c.objc; path = RPG_GameUITests.m; sourceTree = "<group>"; };
		288E85F41DABDA8A00321F4D /* Info.plist */ = {isa = PBXFileReference; lastKnownFileType = text.plist.xml; path = Info.plist; sourceTree = "<group>"; };
		288E86001DABDADB00321F4D /* RPGMainViewController.h */ = {isa = PBXFileReference; fileEncoding = 4; lastKnownFileType = sourcecode.c.h; path = RPGMainViewController.h; sourceTree = "<group>"; };
		288E86011DABDADB00321F4D /* RPGMainViewController.m */ = {isa = PBXFileReference; fileEncoding = 4; lastKnownFileType = sourcecode.c.objc; path = RPGMainViewController.m; sourceTree = "<group>"; };
		28A1F2641DC23DD400F9DF3A /* RPGSkillActionRequest+Serialization.h */ = {isa = PBXFileReference; fileEncoding = 4; lastKnownFileType = sourcecode.c.h; path = "RPGSkillActionRequest+Serialization.h"; sourceTree = "<group>"; };
		28A1F2651DC23DD400F9DF3A /* RPGSkillActionRequest+Serialization.m */ = {isa = PBXFileReference; fileEncoding = 4; lastKnownFileType = sourcecode.c.objc; path = "RPGSkillActionRequest+Serialization.m"; sourceTree = "<group>"; };
		28A309601DBF81DC0026459F /* NSUserDefaults+RPGVolumeSettings.h */ = {isa = PBXFileReference; fileEncoding = 4; lastKnownFileType = sourcecode.c.h; path = "NSUserDefaults+RPGVolumeSettings.h"; sourceTree = "<group>"; };
		28A309611DBF81DC0026459F /* NSUserDefaults+RPGVolumeSettings.m */ = {isa = PBXFileReference; fileEncoding = 4; lastKnownFileType = sourcecode.c.objc; path = "NSUserDefaults+RPGVolumeSettings.m"; sourceTree = "<group>"; };
		28A5A0D21DB8E95E000EF49F /* RPGNetworkManager+Quests.h */ = {isa = PBXFileReference; fileEncoding = 4; lastKnownFileType = sourcecode.c.h; path = "RPGNetworkManager+Quests.h"; sourceTree = "<group>"; };
		28A5A0D31DB8E95E000EF49F /* RPGNetworkManager+Quests.m */ = {isa = PBXFileReference; fileEncoding = 4; lastKnownFileType = sourcecode.c.objc; path = "RPGNetworkManager+Quests.m"; sourceTree = "<group>"; };
		28A5A0DB1DB9186B000EF49F /* RPGQuest.h */ = {isa = PBXFileReference; fileEncoding = 4; lastKnownFileType = sourcecode.c.h; path = RPGQuest.h; sourceTree = "<group>"; };
		28A5A0DC1DB9186B000EF49F /* RPGQuest.m */ = {isa = PBXFileReference; fileEncoding = 4; lastKnownFileType = sourcecode.c.objc; path = RPGQuest.m; sourceTree = "<group>"; };
		28A5A0DD1DB9186B000EF49F /* RPGQuest+Serialization.h */ = {isa = PBXFileReference; fileEncoding = 4; lastKnownFileType = sourcecode.c.h; path = "RPGQuest+Serialization.h"; sourceTree = "<group>"; };
		28A5A0DE1DB9186B000EF49F /* RPGQuest+Serialization.m */ = {isa = PBXFileReference; fileEncoding = 4; lastKnownFileType = sourcecode.c.objc; path = "RPGQuest+Serialization.m"; sourceTree = "<group>"; };
		28A5A0E11DB91878000EF49F /* RPGQuestReward.h */ = {isa = PBXFileReference; fileEncoding = 4; lastKnownFileType = sourcecode.c.h; path = RPGQuestReward.h; sourceTree = "<group>"; };
		28A5A0E21DB91878000EF49F /* RPGQuestReward.m */ = {isa = PBXFileReference; fileEncoding = 4; lastKnownFileType = sourcecode.c.objc; path = RPGQuestReward.m; sourceTree = "<group>"; };
		28A5A0E31DB91878000EF49F /* RPGQuestReward+Serialization.h */ = {isa = PBXFileReference; fileEncoding = 4; lastKnownFileType = sourcecode.c.h; path = "RPGQuestReward+Serialization.h"; sourceTree = "<group>"; };
		28A5A0E41DB91878000EF49F /* RPGQuestReward+Serialization.m */ = {isa = PBXFileReference; fileEncoding = 4; lastKnownFileType = sourcecode.c.objc; path = "RPGQuestReward+Serialization.m"; sourceTree = "<group>"; };
		28D175411DBA42B600A934ED /* RPGBattleManager.h */ = {isa = PBXFileReference; fileEncoding = 4; lastKnownFileType = sourcecode.c.h; path = RPGBattleManager.h; sourceTree = "<group>"; };
		28D175421DBA42B600A934ED /* RPGBattleManager.m */ = {isa = PBXFileReference; fileEncoding = 4; lastKnownFileType = sourcecode.c.objc; path = RPGBattleManager.m; sourceTree = "<group>"; };
		28F102201DB7756500C969CA /* RPGUserSessionKeys.h */ = {isa = PBXFileReference; fileEncoding = 4; lastKnownFileType = sourcecode.c.h; path = RPGUserSessionKeys.h; sourceTree = "<group>"; };
		28F102211DB7756500C969CA /* RPGUserSessionKeys.m */ = {isa = PBXFileReference; fileEncoding = 4; lastKnownFileType = sourcecode.c.objc; path = RPGUserSessionKeys.m; sourceTree = "<group>"; };
		28F102231DB7756C00C969CA /* NSUserDefaults+RPGSessionInfo.h */ = {isa = PBXFileReference; fileEncoding = 4; lastKnownFileType = sourcecode.c.h; path = "NSUserDefaults+RPGSessionInfo.h"; sourceTree = "<group>"; };
		28F102241DB7756C00C969CA /* NSUserDefaults+RPGSessionInfo.m */ = {isa = PBXFileReference; fileEncoding = 4; lastKnownFileType = sourcecode.c.objc; path = "NSUserDefaults+RPGSessionInfo.m"; sourceTree = "<group>"; };
		2A8D9B9D1DB14B5A0026A5AB /* RPGTimeResponse.h */ = {isa = PBXFileReference; fileEncoding = 4; lastKnownFileType = sourcecode.c.h; path = RPGTimeResponse.h; sourceTree = "<group>"; };
		2A8D9B9E1DB14B5A0026A5AB /* RPGTimeResponse.m */ = {isa = PBXFileReference; fileEncoding = 4; lastKnownFileType = sourcecode.c.objc; path = RPGTimeResponse.m; sourceTree = "<group>"; };
		2A8D9BA01DB1587C0026A5AB /* RPGTimeResponse+Serialization.h */ = {isa = PBXFileReference; fileEncoding = 4; lastKnownFileType = sourcecode.c.h; path = "RPGTimeResponse+Serialization.h"; sourceTree = "<group>"; };
		2A8D9BA11DB1587C0026A5AB /* RPGTimeResponse+Serialization.m */ = {isa = PBXFileReference; fileEncoding = 4; lastKnownFileType = sourcecode.c.objc; path = "RPGTimeResponse+Serialization.m"; sourceTree = "<group>"; };
		2A8D9BA41DB164520026A5AB /* RPGRegistrationRequest.h */ = {isa = PBXFileReference; fileEncoding = 4; lastKnownFileType = sourcecode.c.h; path = RPGRegistrationRequest.h; sourceTree = "<group>"; };
		2A8D9BA51DB164520026A5AB /* RPGRegistrationRequest.m */ = {isa = PBXFileReference; fileEncoding = 4; lastKnownFileType = sourcecode.c.objc; path = RPGRegistrationRequest.m; sourceTree = "<group>"; };
		2A8D9BA71DB252170026A5AB /* RPGRegistrationRequest+Serialization.h */ = {isa = PBXFileReference; fileEncoding = 4; lastKnownFileType = sourcecode.c.h; path = "RPGRegistrationRequest+Serialization.h"; sourceTree = "<group>"; };
		2A8D9BA81DB252170026A5AB /* RPGRegistrationRequest+Serialization.m */ = {isa = PBXFileReference; fileEncoding = 4; lastKnownFileType = sourcecode.c.objc; path = "RPGRegistrationRequest+Serialization.m"; sourceTree = "<group>"; };
		48EE8E79906C3CFA1B806543 /* libPods-RPG GameUITests.a */ = {isa = PBXFileReference; explicitFileType = archive.ar; includeInIndex = 0; path = "libPods-RPG GameUITests.a"; sourceTree = BUILT_PRODUCTS_DIR; };
		810370191D8BD309214BF556 /* Pods-RPG GameUITests.release.xcconfig */ = {isa = PBXFileReference; includeInIndex = 1; lastKnownFileType = text.xcconfig; name = "Pods-RPG GameUITests.release.xcconfig"; path = "Pods/Target Support Files/Pods-RPG GameUITests/Pods-RPG GameUITests.release.xcconfig"; sourceTree = "<group>"; };
		9864644C8038713EF8524DC8 /* Pods-RPG Game.release.xcconfig */ = {isa = PBXFileReference; includeInIndex = 1; lastKnownFileType = text.xcconfig; name = "Pods-RPG Game.release.xcconfig"; path = "Pods/Target Support Files/Pods-RPG Game/Pods-RPG Game.release.xcconfig"; sourceTree = "<group>"; };
		9E84F6E8CA62397A8A89BD4E /* libPods-RPG Game.a */ = {isa = PBXFileReference; explicitFileType = archive.ar; includeInIndex = 0; path = "libPods-RPG Game.a"; sourceTree = BUILT_PRODUCTS_DIR; };
		AE5E67FF1DBA773100715480 /* RPGQuestRequest.h */ = {isa = PBXFileReference; fileEncoding = 4; lastKnownFileType = sourcecode.c.h; path = RPGQuestRequest.h; sourceTree = "<group>"; };
		AE5E68001DBA773100715480 /* RPGQuestRequest.m */ = {isa = PBXFileReference; fileEncoding = 4; lastKnownFileType = sourcecode.c.objc; path = RPGQuestRequest.m; sourceTree = "<group>"; };
		AE5E68021DBA78B200715480 /* RPGQuestRequest+Serialization.h */ = {isa = PBXFileReference; fileEncoding = 4; lastKnownFileType = sourcecode.c.h; path = "RPGQuestRequest+Serialization.h"; sourceTree = "<group>"; };
		AE5E68031DBA78B200715480 /* RPGQuestRequest+Serialization.m */ = {isa = PBXFileReference; fileEncoding = 4; lastKnownFileType = sourcecode.c.objc; path = "RPGQuestRequest+Serialization.m"; sourceTree = "<group>"; };
		AE5E68051DBA7EA300715480 /* RPGQuestResponse.h */ = {isa = PBXFileReference; fileEncoding = 4; lastKnownFileType = sourcecode.c.h; path = RPGQuestResponse.h; sourceTree = "<group>"; };
		AE5E68061DBA7EA300715480 /* RPGQuestResponse.m */ = {isa = PBXFileReference; fileEncoding = 4; lastKnownFileType = sourcecode.c.objc; path = RPGQuestResponse.m; sourceTree = "<group>"; };
		AE5E68081DBA7EB900715480 /* RPGQuestResponse+Serialization.h */ = {isa = PBXFileReference; fileEncoding = 4; lastKnownFileType = sourcecode.c.h; path = "RPGQuestResponse+Serialization.h"; sourceTree = "<group>"; };
		AE5E68091DBA7EB900715480 /* RPGQuestResponse+Serialization.m */ = {isa = PBXFileReference; fileEncoding = 4; lastKnownFileType = sourcecode.c.objc; path = "RPGQuestResponse+Serialization.m"; sourceTree = "<group>"; };
		AE6D32DC1DB6343700F58878 /* RPGQuestListResponse+Serialization.h */ = {isa = PBXFileReference; fileEncoding = 4; lastKnownFileType = sourcecode.c.h; path = "RPGQuestListResponse+Serialization.h"; sourceTree = "<group>"; };
		AE6D32DD1DB6343700F58878 /* RPGQuestListResponse+Serialization.m */ = {isa = PBXFileReference; fileEncoding = 4; lastKnownFileType = sourcecode.c.objc; path = "RPGQuestListResponse+Serialization.m"; sourceTree = "<group>"; };
		AE6D32DF1DB7B19F00F58878 /* RPGQuestListState.h */ = {isa = PBXFileReference; lastKnownFileType = sourcecode.c.h; path = RPGQuestListState.h; sourceTree = "<group>"; };
		AE7B37E31DC0E43B00D105C5 /* RPGQuestReviewRequest.h */ = {isa = PBXFileReference; fileEncoding = 4; lastKnownFileType = sourcecode.c.h; path = RPGQuestReviewRequest.h; sourceTree = "<group>"; };
		AE7B37E41DC0E43B00D105C5 /* RPGQuestReviewRequest.m */ = {isa = PBXFileReference; fileEncoding = 4; lastKnownFileType = sourcecode.c.objc; path = RPGQuestReviewRequest.m; sourceTree = "<group>"; };
		AE7B37E61DC0E5BC00D105C5 /* RPGQuestReviewRequest+Serialization.h */ = {isa = PBXFileReference; fileEncoding = 4; lastKnownFileType = sourcecode.c.h; path = "RPGQuestReviewRequest+Serialization.h"; sourceTree = "<group>"; };
		AE7B37E71DC0E5BC00D105C5 /* RPGQuestReviewRequest+Serialization.m */ = {isa = PBXFileReference; fileEncoding = 4; lastKnownFileType = sourcecode.c.objc; path = "RPGQuestReviewRequest+Serialization.m"; sourceTree = "<group>"; };
		AE8076361DB5360400AF5E5B /* RPGQuestListResponse.h */ = {isa = PBXFileReference; fileEncoding = 4; lastKnownFileType = sourcecode.c.h; path = RPGQuestListResponse.h; sourceTree = "<group>"; };
		AE8076371DB5360400AF5E5B /* RPGQuestListResponse.m */ = {isa = PBXFileReference; fileEncoding = 4; lastKnownFileType = sourcecode.c.objc; path = RPGQuestListResponse.m; sourceTree = "<group>"; };
		AED6F56E1DACD641007ED1B8 /* RPGBattleViewController.h */ = {isa = PBXFileReference; fileEncoding = 4; lastKnownFileType = sourcecode.c.h; path = RPGBattleViewController.h; sourceTree = "<group>"; };
		AED6F56F1DACD641007ED1B8 /* RPGBattleViewController.m */ = {isa = PBXFileReference; fileEncoding = 4; lastKnownFileType = sourcecode.c.objc; path = RPGBattleViewController.m; sourceTree = "<group>"; };
		AED6F5701DACD641007ED1B8 /* RPGBattleViewController.xib */ = {isa = PBXFileReference; fileEncoding = 4; lastKnownFileType = file.xib; path = RPGBattleViewController.xib; sourceTree = "<group>"; };
		AED6F5711DACD641007ED1B8 /* RPGMainView.xib */ = {isa = PBXFileReference; fileEncoding = 4; lastKnownFileType = file.xib; path = RPGMainView.xib; sourceTree = "<group>"; };
		AED6F5721DACD641007ED1B8 /* RPGSettingsViewController.h */ = {isa = PBXFileReference; fileEncoding = 4; lastKnownFileType = sourcecode.c.h; path = RPGSettingsViewController.h; sourceTree = "<group>"; };
		AED6F5731DACD641007ED1B8 /* RPGSettingsViewController.m */ = {isa = PBXFileReference; fileEncoding = 4; lastKnownFileType = sourcecode.c.objc; path = RPGSettingsViewController.m; sourceTree = "<group>"; };
		AED6F5741DACD641007ED1B8 /* RPGSettingsViewController.xib */ = {isa = PBXFileReference; fileEncoding = 4; lastKnownFileType = file.xib; path = RPGSettingsViewController.xib; sourceTree = "<group>"; };
		AED6F57B1DACD8D8007ED1B8 /* RPGQuestListViewController.h */ = {isa = PBXFileReference; fileEncoding = 4; lastKnownFileType = sourcecode.c.h; path = RPGQuestListViewController.h; sourceTree = "<group>"; };
		AED6F57C1DACD8D8007ED1B8 /* RPGQuestListViewController.m */ = {isa = PBXFileReference; fileEncoding = 4; lastKnownFileType = sourcecode.c.objc; path = RPGQuestListViewController.m; sourceTree = "<group>"; };
		AED6F57D1DACD8D8007ED1B8 /* RPGQuestListViewController.xib */ = {isa = PBXFileReference; fileEncoding = 4; lastKnownFileType = file.xib; path = RPGQuestListViewController.xib; sourceTree = "<group>"; };
		AED6F5831DACDCAD007ED1B8 /* RPGQuestListTableViewCell.h */ = {isa = PBXFileReference; fileEncoding = 4; lastKnownFileType = sourcecode.c.h; path = RPGQuestListTableViewCell.h; sourceTree = "<group>"; };
		AED6F5841DACDCAD007ED1B8 /* RPGQuestListTableViewCell.m */ = {isa = PBXFileReference; fileEncoding = 4; lastKnownFileType = sourcecode.c.objc; path = RPGQuestListTableViewCell.m; sourceTree = "<group>"; };
		AED6F5851DACDCAD007ED1B8 /* RPGQuestListTableViewCell.xib */ = {isa = PBXFileReference; fileEncoding = 4; lastKnownFileType = file.xib; path = RPGQuestListTableViewCell.xib; sourceTree = "<group>"; };
		AED6F5881DACECBD007ED1B8 /* RPGQuestViewController.h */ = {isa = PBXFileReference; fileEncoding = 4; lastKnownFileType = sourcecode.c.h; path = RPGQuestViewController.h; sourceTree = "<group>"; };
		AED6F5891DACECBD007ED1B8 /* RPGQuestViewController.m */ = {isa = PBXFileReference; fileEncoding = 4; lastKnownFileType = sourcecode.c.objc; path = RPGQuestViewController.m; sourceTree = "<group>"; };
		AED6F58A1DACECBD007ED1B8 /* RPGQuestViewController.xib */ = {isa = PBXFileReference; fileEncoding = 4; lastKnownFileType = file.xib; path = RPGQuestViewController.xib; sourceTree = "<group>"; };
		D0CFEE651DB65B6100C61D0B /* RPGSFXEngine.h */ = {isa = PBXFileReference; fileEncoding = 4; lastKnownFileType = sourcecode.c.h; path = RPGSFXEngine.h; sourceTree = "<group>"; };
		D0CFEE661DB65B6100C61D0B /* RPGSFXEngine.m */ = {isa = PBXFileReference; fileEncoding = 4; lastKnownFileType = sourcecode.c.objc; path = RPGSFXEngine.m; sourceTree = "<group>"; };
		D0CFEE671DB65B6100C61D0B /* Sounds.bundle */ = {isa = PBXFileReference; lastKnownFileType = "wrapper.plug-in"; path = Sounds.bundle; sourceTree = "<group>"; };
		D0CFEE6E1DB65C0100C61D0B /* AppleOpenALSupport.c */ = {isa = PBXFileReference; fileEncoding = 4; lastKnownFileType = sourcecode.c.c; path = AppleOpenALSupport.c; sourceTree = "<group>"; };
		D0CFEE6F1DB65C0100C61D0B /* AppleOpenALSupport.h */ = {isa = PBXFileReference; fileEncoding = 4; lastKnownFileType = sourcecode.c.h; path = AppleOpenALSupport.h; sourceTree = "<group>"; };
		D0CFEE701DB65C0100C61D0B /* CMOpenALSound.h */ = {isa = PBXFileReference; fileEncoding = 4; lastKnownFileType = sourcecode.c.h; path = CMOpenALSound.h; sourceTree = "<group>"; };
		D0CFEE711DB65C0100C61D0B /* CMOpenALSound.m */ = {isa = PBXFileReference; fileEncoding = 4; lastKnownFileType = sourcecode.c.objc; path = CMOpenALSound.m; sourceTree = "<group>"; };
		D0CFEE721DB65C0100C61D0B /* CMOpenALSoundManager.h */ = {isa = PBXFileReference; fileEncoding = 4; lastKnownFileType = sourcecode.c.h; path = CMOpenALSoundManager.h; sourceTree = "<group>"; };
		D0CFEE731DB65C0100C61D0B /* CMOpenALSoundManager.m */ = {isa = PBXFileReference; fileEncoding = 4; lastKnownFileType = sourcecode.c.objc; path = CMOpenALSoundManager.m; sourceTree = "<group>"; };
		D0CFEE741DB65C0100C61D0B /* RPGBackgroundMusicController.h */ = {isa = PBXFileReference; fileEncoding = 4; lastKnownFileType = sourcecode.c.h; path = RPGBackgroundMusicController.h; sourceTree = "<group>"; };
		D0CFEE751DB65C0100C61D0B /* RPGBackgroundMusicController.m */ = {isa = PBXFileReference; fileEncoding = 4; lastKnownFileType = sourcecode.c.objc; path = RPGBackgroundMusicController.m; sourceTree = "<group>"; };
		D152597090E5403B60AB645B /* Pods-RPG GameTests.debug.xcconfig */ = {isa = PBXFileReference; includeInIndex = 1; lastKnownFileType = text.xcconfig; name = "Pods-RPG GameTests.debug.xcconfig"; path = "Pods/Target Support Files/Pods-RPG GameTests/Pods-RPG GameTests.debug.xcconfig"; sourceTree = "<group>"; };
		F6D4CAB61431492EB7A0347B /* Pods-RPG GameUITests.debug.xcconfig */ = {isa = PBXFileReference; includeInIndex = 1; lastKnownFileType = text.xcconfig; name = "Pods-RPG GameUITests.debug.xcconfig"; path = "Pods/Target Support Files/Pods-RPG GameUITests/Pods-RPG GameUITests.debug.xcconfig"; sourceTree = "<group>"; };
/* End PBXFileReference section */

/* Begin PBXFrameworksBuildPhase section */
		288E85C71DABDA8A00321F4D /* Frameworks */ = {
			isa = PBXFrameworksBuildPhase;
			buildActionMask = 2147483647;
			files = (
				580969FEA8C97C8111441230 /* libPods-RPG Game.a in Frameworks */,
			);
			runOnlyForDeploymentPostprocessing = 0;
		};
		288E85E01DABDA8A00321F4D /* Frameworks */ = {
			isa = PBXFrameworksBuildPhase;
			buildActionMask = 2147483647;
			files = (
				D0B229131B6ECC8305E5F55A /* libPods-RPG GameTests.a in Frameworks */,
			);
			runOnlyForDeploymentPostprocessing = 0;
		};
		288E85EB1DABDA8A00321F4D /* Frameworks */ = {
			isa = PBXFrameworksBuildPhase;
			buildActionMask = 2147483647;
			files = (
				E16485521798629D274B394A /* libPods-RPG GameUITests.a in Frameworks */,
			);
			runOnlyForDeploymentPostprocessing = 0;
		};
/* End PBXFrameworksBuildPhase section */

/* Begin PBXGroup section */
		280A522E1DB7C5B500FF66B8 /* Constants */ = {
			isa = PBXGroup;
			children = (
				280A52311DB7C64000FF66B8 /* RPGStatusCodes.h */,
				280A52321DB7C64000FF66B8 /* RPGStatusCodes.m */,
				AE6D32DF1DB7B19F00F58878 /* RPGQuestListState.h */,
				28F102201DB7756500C969CA /* RPGUserSessionKeys.h */,
				28F102211DB7756500C969CA /* RPGUserSessionKeys.m */,
				28149A0E1DB1007400C26881 /* RPGNibNames.h */,
				28149A0F1DB1007400C26881 /* RPGNibNames.m */,
			);
			name = Constants;
			sourceTree = "<group>";
		};
		280A522F1DB7C60B00FF66B8 /* User Defaults */ = {
			isa = PBXGroup;
			children = (
				28A309601DBF81DC0026459F /* NSUserDefaults+RPGVolumeSettings.h */,
				28A309611DBF81DC0026459F /* NSUserDefaults+RPGVolumeSettings.m */,
				28F102231DB7756C00C969CA /* NSUserDefaults+RPGSessionInfo.h */,
				28F102241DB7756C00C969CA /* NSUserDefaults+RPGSessionInfo.m */,
			);
			name = "User Defaults";
			sourceTree = "<group>";
		};
		280A52301DB7C61C00FF66B8 /* Network Manager */ = {
			isa = PBXGroup;
			children = (
				283ADCFC1DAD3D1C00BDC706 /* RPGNetworkManager.h */,
				283ADCFD1DAD3D1C00BDC706 /* RPGNetworkManager.m */,
				28A5A0D21DB8E95E000EF49F /* RPGNetworkManager+Quests.h */,
				28A5A0D31DB8E95E000EF49F /* RPGNetworkManager+Quests.m */,
				2862B9A61DB6234F00FD05A5 /* RPGNetworkManager+Authorization.h */,
				2862B9A71DB6234F00FD05A5 /* RPGNetworkManager+Authorization.m */,
				2862B9A91DB6243200FD05A5 /* RPGNetworkManager+Registration.h */,
				2862B9AA1DB6243200FD05A5 /* RPGNetworkManager+Registration.m */,
			);
			name = "Network Manager";
			sourceTree = "<group>";
		};
		281499E91DAFC93A00C26881 /* Authorization */ = {
			isa = PBXGroup;
			children = (
				281499EB1DAFC95300C26881 /* Login */,
				281499EA1DAFC94100C26881 /* Logout */,
			);
			name = Authorization;
			sourceTree = "<group>";
		};
		281499EA1DAFC94100C26881 /* Logout */ = {
			isa = PBXGroup;
			children = (
				281723561DB5204200F74403 /* Request */,
				281723571DB5204900F74403 /* Response */,
			);
			name = Logout;
			sourceTree = "<group>";
		};
		281499EB1DAFC95300C26881 /* Login */ = {
			isa = PBXGroup;
			children = (
				281723541DB5203400F74403 /* Request */,
				281723551DB5203C00F74403 /* Response */,
			);
			name = Login;
			sourceTree = "<group>";
		};
		281499EC1DAFC95F00C26881 /* Battle Manager */ = {
			isa = PBXGroup;
			children = (
				28D175411DBA42B600A934ED /* RPGBattleManager.h */,
				28D175421DBA42B600A934ED /* RPGBattleManager.m */,
				281499ED1DAFC96800C26881 /* Entities */,
			);
			name = "Battle Manager";
			sourceTree = "<group>";
		};
		281499ED1DAFC96800C26881 /* Entities */ = {
			isa = PBXGroup;
			children = (
				285231631DC0F122002F702B /* Skill Action */,
				281723591DB5207500F74403 /* General */,
				2A8D9B9C1DB14ACB0026A5AB /* Time */,
				283ADD001DAD3F9100BDC706 /* Battle Init */,
				283ADD0C1DAD500E00BDC706 /* Battle Condition */,
			);
			name = Entities;
			sourceTree = "<group>";
		};
		281499EE1DAFC96E00C26881 /* Request */ = {
			isa = PBXGroup;
			children = (
				283ADCF61DAD3CAB00BDC706 /* RPGRequest.h */,
				283ADCF71DAD3CAB00BDC706 /* RPGRequest.m */,
				283ADD011DAD454000BDC706 /* RPGRequest+Serialization.h */,
				283ADD021DAD454000BDC706 /* RPGRequest+Serialization.m */,
			);
			name = Request;
			sourceTree = "<group>";
		};
		281499EF1DAFC97300C26881 /* Response */ = {
			isa = PBXGroup;
			children = (
				283ADCF91DAD3CBA00BDC706 /* RPGResponse.h */,
				283ADCFA1DAD3CBA00BDC706 /* RPGResponse.m */,
				283ADD061DAD46EC00BDC706 /* RPGResponse+Serialization.h */,
				283ADD071DAD46EC00BDC706 /* RPGResponse+Serialization.m */,
			);
			name = Response;
			sourceTree = "<group>";
		};
		28149A111DB1008100C26881 /* Battle */ = {
			isa = PBXGroup;
			children = (
				AED6F56E1DACD641007ED1B8 /* RPGBattleViewController.h */,
				AED6F56F1DACD641007ED1B8 /* RPGBattleViewController.m */,
				AED6F5701DACD641007ED1B8 /* RPGBattleViewController.xib */,
			);
			name = Battle;
			sourceTree = "<group>";
		};
		28149A121DB100B900C26881 /* Settings */ = {
			isa = PBXGroup;
			children = (
				AED6F5721DACD641007ED1B8 /* RPGSettingsViewController.h */,
				AED6F5731DACD641007ED1B8 /* RPGSettingsViewController.m */,
				AED6F5741DACD641007ED1B8 /* RPGSettingsViewController.xib */,
			);
			name = Settings;
			sourceTree = "<group>";
		};
		28149A131DB100FB00C26881 /* Main View */ = {
			isa = PBXGroup;
			children = (
				288E86001DABDADB00321F4D /* RPGMainViewController.h */,
				288E86011DABDADB00321F4D /* RPGMainViewController.m */,
				AED6F5711DACD641007ED1B8 /* RPGMainView.xib */,
			);
			name = "Main View";
			sourceTree = "<group>";
		};
		28149A1E1DB1011B00C26881 /* Login */ = {
			isa = PBXGroup;
			children = (
				28149A141DB1011300C26881 /* RPGLoginViewController.h */,
				28149A151DB1011300C26881 /* RPGLoginViewController.m */,
				28149A161DB1011300C26881 /* RPGLoginViewController.xib */,
			);
			name = Login;
			sourceTree = "<group>";
		};
		28149A1F1DB1012200C26881 /* Registration */ = {
			isa = PBXGroup;
			children = (
				28149A171DB1011300C26881 /* RPGRegistrationViewController.h */,
				28149A181DB1011300C26881 /* RPGRegistrationViewController.m */,
				28149A191DB1011300C26881 /* RPGRegistrationViewController.xib */,
			);
			name = Registration;
			sourceTree = "<group>";
		};
		281723541DB5203400F74403 /* Request */ = {
			isa = PBXGroup;
			children = (
				281499FB1DAFCCED00C26881 /* RPGAuthorizationLoginRequest.h */,
				281499FC1DAFCCED00C26881 /* RPGAuthorizationLoginRequest.m */,
				281499FF1DAFCD7000C26881 /* RPGAuthorizationLoginRequest+Serialization.h */,
				28149A001DAFCD7000C26881 /* RPGAuthorizationLoginRequest+Serialization.m */,
			);
			name = Request;
			sourceTree = "<group>";
		};
		281723551DB5203C00F74403 /* Response */ = {
			isa = PBXGroup;
			children = (
				281499F01DAFCC6200C26881 /* RPGAuthorizationLoginResponse.h */,
				281499F11DAFCC6200C26881 /* RPGAuthorizationLoginResponse.m */,
				28149A081DAFEF2B00C26881 /* RPGAuthorizationLoginResponse+Serialization.h */,
				28149A091DAFEF2B00C26881 /* RPGAuthorizationLoginResponse+Serialization.m */,
			);
			name = Response;
			sourceTree = "<group>";
		};
		281723561DB5204200F74403 /* Request */ = {
			isa = PBXGroup;
			children = (
				28149A021DAFCDE400C26881 /* RPGAuthorizationLogoutRequest.h */,
				28149A031DAFCDE400C26881 /* RPGAuthorizationLogoutRequest.m */,
				28149A051DAFCF1C00C26881 /* RPGAuthorizationLogoutRequest+Serialization.h */,
				28149A061DAFCF1C00C26881 /* RPGAuthorizationLogoutRequest+Serialization.m */,
			);
			name = Request;
			sourceTree = "<group>";
		};
		281723571DB5204900F74403 /* Response */ = {
			isa = PBXGroup;
			children = (
				281499F31DAFCC7800C26881 /* RPGAuthorizationLogoutResponse.h */,
				281499F41DAFCC7800C26881 /* RPGAuthorizationLogoutResponse.m */,
				28149A0B1DAFEF4F00C26881 /* RPGAuthorizationLogoutResponse+Serialization.h */,
				28149A0C1DAFEF4F00C26881 /* RPGAuthorizationLogoutResponse+Serialization.m */,
			);
			name = Response;
			sourceTree = "<group>";
		};
		281723581DB5205200F74403 /* Request */ = {
			isa = PBXGroup;
			children = (
				2A8D9BA41DB164520026A5AB /* RPGRegistrationRequest.h */,
				2A8D9BA51DB164520026A5AB /* RPGRegistrationRequest.m */,
				2A8D9BA71DB252170026A5AB /* RPGRegistrationRequest+Serialization.h */,
				2A8D9BA81DB252170026A5AB /* RPGRegistrationRequest+Serialization.m */,
			);
			name = Request;
			sourceTree = "<group>";
		};
		281723591DB5207500F74403 /* General */ = {
			isa = PBXGroup;
			children = (
				281499EE1DAFC96E00C26881 /* Request */,
				281499EF1DAFC97300C26881 /* Response */,
			);
			name = General;
			sourceTree = "<group>";
		};
		283ADCF41DAD3C5000BDC706 /* Network Communication */ = {
			isa = PBXGroup;
			children = (
				280A52301DB7C61C00FF66B8 /* Network Manager */,
				283ADCF51DAD3C8000BDC706 /* Entities */,
			);
			name = "Network Communication";
			sourceTree = "<group>";
		};
		283ADCF51DAD3C8000BDC706 /* Entities */ = {
			isa = PBXGroup;
			children = (
				2852313E1DC0CBC5002F702B /* RPGSerializable.h */,
				28A9151F1DC37A3C001E0F51 /* Quest Review */,
				28AE27161DBD161300834FBB /* Quest */,
				28F1021E1DB7719100C969CA /* Quest List */,
				2A8D9BA31DB163F20026A5AB /* Registration */,
				281499E91DAFC93A00C26881 /* Authorization */,
			);
			name = Entities;
			sourceTree = "<group>";
		};
		283ADD001DAD3F9100BDC706 /* Battle Init */ = {
			isa = PBXGroup;
			children = (
				285231601DC0F0F9002F702B /* Response */,
			);
			name = "Battle Init";
			sourceTree = "<group>";
		};
		283ADD0C1DAD500E00BDC706 /* Battle Condition */ = {
			isa = PBXGroup;
			children = (
				283ADD0D1DAD502200BDC706 /* RPGBattleConditionResponse.h */,
				283ADD0E1DAD502200BDC706 /* RPGBattleConditionResponse.m */,
				2852313F1DC0EB76002F702B /* RPGBattleConditionResponse+Serialization.h */,
				285231401DC0EB76002F702B /* RPGBattleConditionResponse+Serialization.m */,
			);
			name = "Battle Condition";
			sourceTree = "<group>";
		};
		2852315D1DC0F0BD002F702B /* Entity */ = {
			isa = PBXGroup;
			children = (
				285231461DC0F089002F702B /* RPGEntity.h */,
				285231471DC0F089002F702B /* RPGEntity.m */,
				285231481DC0F089002F702B /* RPGEntity+Serialization.h */,
				285231491DC0F089002F702B /* RPGEntity+Serialization.m */,
			);
			name = Entity;
			sourceTree = "<group>";
		};
		2852315E1DC0F0CA002F702B /* Player */ = {
			isa = PBXGroup;
			children = (
				2852314A1DC0F089002F702B /* RPGPlayer.h */,
				2852314B1DC0F089002F702B /* RPGPlayer.m */,
				2852314C1DC0F089002F702B /* RPGPlayer+Serialization.h */,
				2852314D1DC0F089002F702B /* RPGPlayer+Serialization.m */,
			);
			name = Player;
			sourceTree = "<group>";
		};
		2852315F1DC0F0D3002F702B /* Skill */ = {
			isa = PBXGroup;
			children = (
				2852314E1DC0F089002F702B /* RPGSkill.h */,
				2852314F1DC0F089002F702B /* RPGSkill.m */,
				285231501DC0F089002F702B /* RPGSkill+Serialization.h */,
				285231511DC0F089002F702B /* RPGSkill+Serialization.m */,
			);
			name = Skill;
			sourceTree = "<group>";
		};
		285231601DC0F0F9002F702B /* Response */ = {
			isa = PBXGroup;
			children = (
				285231441DC0F089002F702B /* RPGBattleInitResponse+Serialization.h */,
				285231451DC0F089002F702B /* RPGBattleInitResponse+Serialization.m */,
				283ADD091DAD48DA00BDC706 /* RPGBattleInitResponse.h */,
				283ADD0A1DAD48DA00BDC706 /* RPGBattleInitResponse.m */,
			);
			name = Response;
			sourceTree = "<group>";
		};
		285231611DC0F107002F702B /* Battle Entities */ = {
			isa = PBXGroup;
			children = (
				285231621DC0F113002F702B /* Battle */,
				2852315D1DC0F0BD002F702B /* Entity */,
				2852315E1DC0F0CA002F702B /* Player */,
				2852315F1DC0F0D3002F702B /* Skill */,
			);
			name = "Battle Entities";
			sourceTree = "<group>";
		};
		285231621DC0F113002F702B /* Battle */ = {
			isa = PBXGroup;
			children = (
				285231421DC0F089002F702B /* RPGBattle.h */,
				285231431DC0F089002F702B /* RPGBattle.m */,
			);
			name = Battle;
			sourceTree = "<group>";
		};
		285231631DC0F122002F702B /* Skill Action */ = {
			isa = PBXGroup;
			children = (
				285231641DC0F12D002F702B /* Request */,
			);
			name = "Skill Action";
			sourceTree = "<group>";
		};
		285231641DC0F12D002F702B /* Request */ = {
			isa = PBXGroup;
			children = (
				285231521DC0F089002F702B /* RPGSkillActionRequest.h */,
				285231531DC0F089002F702B /* RPGSkillActionRequest.m */,
				28A1F2641DC23DD400F9DF3A /* RPGSkillActionRequest+Serialization.h */,
				28A1F2651DC23DD400F9DF3A /* RPGSkillActionRequest+Serialization.m */,
			);
			name = Request;
			sourceTree = "<group>";
		};
		288E85C11DABDA8A00321F4D = {
			isa = PBXGroup;
			children = (
				288E85CC1DABDA8A00321F4D /* RPG Game */,
				288E85E61DABDA8A00321F4D /* RPG GameTests */,
				288E85F11DABDA8A00321F4D /* RPG GameUITests */,
				288E85CB1DABDA8A00321F4D /* Products */,
				E0FB3B1D4713C9AB3E8A6BD4 /* Pods */,
				4BA921AB8CB063DE64593829 /* Frameworks */,
			);
			sourceTree = "<group>";
		};
		288E85CB1DABDA8A00321F4D /* Products */ = {
			isa = PBXGroup;
			children = (
				288E85CA1DABDA8A00321F4D /* RPG Game.app */,
				288E85E31DABDA8A00321F4D /* RPG GameTests.xctest */,
				288E85EE1DABDA8A00321F4D /* RPG GameUITests.xctest */,
			);
			name = Products;
			sourceTree = "<group>";
		};
		288E85CC1DABDA8A00321F4D /* RPG Game */ = {
			isa = PBXGroup;
			children = (
				288E85D01DABDA8A00321F4D /* AppDelegate.h */,
				288E85D11DABDA8A00321F4D /* AppDelegate.m */,
				285231611DC0F107002F702B /* Battle Entities */,
				28149A121DB100B900C26881 /* Settings */,
				28149A131DB100FB00C26881 /* Main View */,
				28149A1E1DB1011B00C26881 /* Login */,
				28149A1F1DB1012200C26881 /* Registration */,
				AED6F57A1DACD89F007ED1B8 /* Quests */,
				28149A111DB1008100C26881 /* Battle */,
				281499EC1DAFC95F00C26881 /* Battle Manager */,
				283ADCF41DAD3C5000BDC706 /* Network Communication */,
				D0CFEE6A1DB65B8F00C61D0B /* Sound Engine */,
				28A5A0E71DB918FC000EF49F /* Entities */,
				280A522E1DB7C5B500FF66B8 /* Constants */,
				288E85D91DABDA8A00321F4D /* Assets.xcassets */,
				288E85DB1DABDA8A00321F4D /* LaunchScreen.storyboard */,
				288E85DE1DABDA8A00321F4D /* Info.plist */,
				280A522F1DB7C60B00FF66B8 /* User Defaults */,
				288E85CD1DABDA8A00321F4D /* Supporting Files */,
			);
			path = "RPG Game";
			sourceTree = "<group>";
		};
		288E85CD1DABDA8A00321F4D /* Supporting Files */ = {
			isa = PBXGroup;
			children = (
				288E85CE1DABDA8A00321F4D /* main.m */,
			);
			name = "Supporting Files";
			sourceTree = "<group>";
		};
		288E85E61DABDA8A00321F4D /* RPG GameTests */ = {
			isa = PBXGroup;
			children = (
				288E85E71DABDA8A00321F4D /* RPG_GameTests.m */,
				288E85E91DABDA8A00321F4D /* Info.plist */,
			);
			path = "RPG GameTests";
			sourceTree = "<group>";
		};
		288E85F11DABDA8A00321F4D /* RPG GameUITests */ = {
			isa = PBXGroup;
			children = (
				288E85F21DABDA8A00321F4D /* RPG_GameUITests.m */,
				288E85F41DABDA8A00321F4D /* Info.plist */,
			);
			path = "RPG GameUITests";
			sourceTree = "<group>";
		};
		28A5A0D71DB8F75A000EF49F /* Proof Image */ = {
			isa = PBXGroup;
			children = (
				2817233A1DB5005500F74403 /* RPGQuestProofImageViewController.h */,
				2817233B1DB5005500F74403 /* RPGQuestProofImageViewController.m */,
				2817233C1DB5005500F74403 /* RPGQuestProofImageViewController.xib */,
			);
			name = "Proof Image";
			sourceTree = "<group>";
		};
		28A5A0D81DB8F765000EF49F /* Quest List */ = {
			isa = PBXGroup;
			children = (
				AED6F57B1DACD8D8007ED1B8 /* RPGQuestListViewController.h */,
				AED6F57C1DACD8D8007ED1B8 /* RPGQuestListViewController.m */,
				AED6F57D1DACD8D8007ED1B8 /* RPGQuestListViewController.xib */,
				28A5A0D91DB8F773000EF49F /* Table View */,
			);
			name = "Quest List";
			sourceTree = "<group>";
		};
		28A5A0D91DB8F773000EF49F /* Table View */ = {
			isa = PBXGroup;
			children = (
				AED6F5831DACDCAD007ED1B8 /* RPGQuestListTableViewCell.h */,
				AED6F5841DACDCAD007ED1B8 /* RPGQuestListTableViewCell.m */,
				AED6F5851DACDCAD007ED1B8 /* RPGQuestListTableViewCell.xib */,
			);
			name = "Table View";
			sourceTree = "<group>";
		};
		28A5A0DA1DB8F787000EF49F /* Quest */ = {
			isa = PBXGroup;
			children = (
				AED6F5881DACECBD007ED1B8 /* RPGQuestViewController.h */,
				AED6F5891DACECBD007ED1B8 /* RPGQuestViewController.m */,
				AED6F58A1DACECBD007ED1B8 /* RPGQuestViewController.xib */,
			);
			name = Quest;
			sourceTree = "<group>";
		};
		28A5A0E71DB918FC000EF49F /* Entities */ = {
			isa = PBXGroup;
			children = (
				28A5A0E81DB9190A000EF49F /* Quest */,
				28A5A0E91DB91910000EF49F /* Reward */,
			);
			name = Entities;
			sourceTree = "<group>";
		};
		28A5A0E81DB9190A000EF49F /* Quest */ = {
			isa = PBXGroup;
			children = (
				28A5A0DB1DB9186B000EF49F /* RPGQuest.h */,
				28A5A0DC1DB9186B000EF49F /* RPGQuest.m */,
				28A5A0DD1DB9186B000EF49F /* RPGQuest+Serialization.h */,
				28A5A0DE1DB9186B000EF49F /* RPGQuest+Serialization.m */,
			);
			name = Quest;
			sourceTree = "<group>";
		};
		28A5A0E91DB91910000EF49F /* Reward */ = {
			isa = PBXGroup;
			children = (
				28A5A0E11DB91878000EF49F /* RPGQuestReward.h */,
				28A5A0E21DB91878000EF49F /* RPGQuestReward.m */,
				28A5A0E31DB91878000EF49F /* RPGQuestReward+Serialization.h */,
				28A5A0E41DB91878000EF49F /* RPGQuestReward+Serialization.m */,
			);
			name = Reward;
			sourceTree = "<group>";
		};
		28A9151F1DC37A3C001E0F51 /* Quest Review */ = {
			isa = PBXGroup;
			children = (
				AE7B37E31DC0E43B00D105C5 /* RPGQuestReviewRequest.h */,
				AE7B37E41DC0E43B00D105C5 /* RPGQuestReviewRequest.m */,
				AE7B37E61DC0E5BC00D105C5 /* RPGQuestReviewRequest+Serialization.h */,
				AE7B37E71DC0E5BC00D105C5 /* RPGQuestReviewRequest+Serialization.m */,
			);
			name = "Quest Review";
			sourceTree = "<group>";
		};
		28AE27161DBD161300834FBB /* Quest */ = {
			isa = PBXGroup;
			children = (
				28AE27171DBD161F00834FBB /* Request */,
				28AE27181DBD162700834FBB /* Response */,
			);
			name = Quest;
			sourceTree = "<group>";
		};
		28AE27171DBD161F00834FBB /* Request */ = {
			isa = PBXGroup;
			children = (
				AE5E67FF1DBA773100715480 /* RPGQuestRequest.h */,
				AE5E68001DBA773100715480 /* RPGQuestRequest.m */,
				AE5E68021DBA78B200715480 /* RPGQuestRequest+Serialization.h */,
				AE5E68031DBA78B200715480 /* RPGQuestRequest+Serialization.m */,
			);
			name = Request;
			sourceTree = "<group>";
		};
		28AE27181DBD162700834FBB /* Response */ = {
			isa = PBXGroup;
			children = (
				AE5E68051DBA7EA300715480 /* RPGQuestResponse.h */,
				AE5E68061DBA7EA300715480 /* RPGQuestResponse.m */,
				AE5E68081DBA7EB900715480 /* RPGQuestResponse+Serialization.h */,
				AE5E68091DBA7EB900715480 /* RPGQuestResponse+Serialization.m */,
			);
			name = Response;
			sourceTree = "<group>";
		};
		28F1021E1DB7719100C969CA /* Quest List */ = {
			isa = PBXGroup;
			children = (
				28F1021F1DB7719D00C969CA /* Response */,
			);
			name = "Quest List";
			sourceTree = "<group>";
		};
		28F1021F1DB7719D00C969CA /* Response */ = {
			isa = PBXGroup;
			children = (
				AE8076361DB5360400AF5E5B /* RPGQuestListResponse.h */,
				AE8076371DB5360400AF5E5B /* RPGQuestListResponse.m */,
				AE6D32DC1DB6343700F58878 /* RPGQuestListResponse+Serialization.h */,
				AE6D32DD1DB6343700F58878 /* RPGQuestListResponse+Serialization.m */,
			);
			name = Response;
			sourceTree = "<group>";
		};
		2A8D9B9C1DB14ACB0026A5AB /* Time */ = {
			isa = PBXGroup;
			children = (
				2A8D9B9D1DB14B5A0026A5AB /* RPGTimeResponse.h */,
				2A8D9B9E1DB14B5A0026A5AB /* RPGTimeResponse.m */,
				2A8D9BA01DB1587C0026A5AB /* RPGTimeResponse+Serialization.h */,
				2A8D9BA11DB1587C0026A5AB /* RPGTimeResponse+Serialization.m */,
			);
			name = Time;
			sourceTree = "<group>";
		};
		2A8D9BA31DB163F20026A5AB /* Registration */ = {
			isa = PBXGroup;
			children = (
				281723581DB5205200F74403 /* Request */,
			);
			name = Registration;
			sourceTree = "<group>";
		};
		4BA921AB8CB063DE64593829 /* Frameworks */ = {
			isa = PBXGroup;
			children = (
				9E84F6E8CA62397A8A89BD4E /* libPods-RPG Game.a */,
				03EC8B93B483A485443989F7 /* libPods-RPG GameTests.a */,
				48EE8E79906C3CFA1B806543 /* libPods-RPG GameUITests.a */,
			);
			name = Frameworks;
			sourceTree = "<group>";
		};
		AED6F57A1DACD89F007ED1B8 /* Quests */ = {
			isa = PBXGroup;
			children = (
				28A5A0D81DB8F765000EF49F /* Quest List */,
				28A5A0DA1DB8F787000EF49F /* Quest */,
				28A5A0D71DB8F75A000EF49F /* Proof Image */,
			);
			name = Quests;
			sourceTree = "<group>";
		};
		D0CFEE6A1DB65B8F00C61D0B /* Sound Engine */ = {
			isa = PBXGroup;
			children = (
				D0CFEE671DB65B6100C61D0B /* Sounds.bundle */,
				D0CFEE6C1DB65BA700C61D0B /* BackGround */,
				D0CFEE6B1DB65BA100C61D0B /* SFXs */,
			);
			name = "Sound Engine";
			sourceTree = "<group>";
		};
		D0CFEE6B1DB65BA100C61D0B /* SFXs */ = {
			isa = PBXGroup;
			children = (
				D0CFEE6D1DB65BB400C61D0B /* SoundEngine */,
				D0CFEE651DB65B6100C61D0B /* RPGSFXEngine.h */,
				D0CFEE661DB65B6100C61D0B /* RPGSFXEngine.m */,
			);
			name = SFXs;
			sourceTree = "<group>";
		};
		D0CFEE6C1DB65BA700C61D0B /* BackGround */ = {
			isa = PBXGroup;
			children = (
				D0CFEE741DB65C0100C61D0B /* RPGBackgroundMusicController.h */,
				D0CFEE751DB65C0100C61D0B /* RPGBackgroundMusicController.m */,
			);
			name = BackGround;
			sourceTree = "<group>";
		};
		D0CFEE6D1DB65BB400C61D0B /* SoundEngine */ = {
			isa = PBXGroup;
			children = (
				D0CFEE6E1DB65C0100C61D0B /* AppleOpenALSupport.c */,
				D0CFEE6F1DB65C0100C61D0B /* AppleOpenALSupport.h */,
				D0CFEE701DB65C0100C61D0B /* CMOpenALSound.h */,
				D0CFEE711DB65C0100C61D0B /* CMOpenALSound.m */,
				D0CFEE721DB65C0100C61D0B /* CMOpenALSoundManager.h */,
				D0CFEE731DB65C0100C61D0B /* CMOpenALSoundManager.m */,
			);
			name = SoundEngine;
			sourceTree = "<group>";
		};
		E0FB3B1D4713C9AB3E8A6BD4 /* Pods */ = {
			isa = PBXGroup;
			children = (
				0AFAFE83BF61093CEFA12B51 /* Pods-RPG Game.debug.xcconfig */,
				9864644C8038713EF8524DC8 /* Pods-RPG Game.release.xcconfig */,
				D152597090E5403B60AB645B /* Pods-RPG GameTests.debug.xcconfig */,
				134A9863E9725FDBC6942939 /* Pods-RPG GameTests.release.xcconfig */,
				F6D4CAB61431492EB7A0347B /* Pods-RPG GameUITests.debug.xcconfig */,
				810370191D8BD309214BF556 /* Pods-RPG GameUITests.release.xcconfig */,
			);
			name = Pods;
			sourceTree = "<group>";
		};
/* End PBXGroup section */

/* Begin PBXNativeTarget section */
		288E85C91DABDA8A00321F4D /* RPG Game */ = {
			isa = PBXNativeTarget;
			buildConfigurationList = 288E85F71DABDA8A00321F4D /* Build configuration list for PBXNativeTarget "RPG Game" */;
			buildPhases = (
				D6441C71AA7D7F4358A055AA /* 📦 Check Pods Manifest.lock */,
				288E85C61DABDA8A00321F4D /* Sources */,
				288E85C71DABDA8A00321F4D /* Frameworks */,
				288E85C81DABDA8A00321F4D /* Resources */,
				8B530ACAAEB6DFB82A0BB84E /* 📦 Embed Pods Frameworks */,
				C7E41382EC6D294D4D0458BB /* 📦 Copy Pods Resources */,
			);
			buildRules = (
			);
			dependencies = (
			);
			name = "RPG Game";
			productName = "RPG Game";
			productReference = 288E85CA1DABDA8A00321F4D /* RPG Game.app */;
			productType = "com.apple.product-type.application";
		};
		288E85E21DABDA8A00321F4D /* RPG GameTests */ = {
			isa = PBXNativeTarget;
			buildConfigurationList = 288E85FA1DABDA8A00321F4D /* Build configuration list for PBXNativeTarget "RPG GameTests" */;
			buildPhases = (
				ED7179B799121BF053E9161F /* 📦 Check Pods Manifest.lock */,
				288E85DF1DABDA8A00321F4D /* Sources */,
				288E85E01DABDA8A00321F4D /* Frameworks */,
				288E85E11DABDA8A00321F4D /* Resources */,
				520B73D55657C4B6218573A8 /* 📦 Embed Pods Frameworks */,
				96E1935ACC3FAE91D6F02A10 /* 📦 Copy Pods Resources */,
			);
			buildRules = (
			);
			dependencies = (
				288E85E51DABDA8A00321F4D /* PBXTargetDependency */,
			);
			name = "RPG GameTests";
			productName = "RPG GameTests";
			productReference = 288E85E31DABDA8A00321F4D /* RPG GameTests.xctest */;
			productType = "com.apple.product-type.bundle.unit-test";
		};
		288E85ED1DABDA8A00321F4D /* RPG GameUITests */ = {
			isa = PBXNativeTarget;
			buildConfigurationList = 288E85FD1DABDA8A00321F4D /* Build configuration list for PBXNativeTarget "RPG GameUITests" */;
			buildPhases = (
				D4D23F35D90D259EBFD5D3B9 /* 📦 Check Pods Manifest.lock */,
				288E85EA1DABDA8A00321F4D /* Sources */,
				288E85EB1DABDA8A00321F4D /* Frameworks */,
				288E85EC1DABDA8A00321F4D /* Resources */,
				BB4B8AE76E5C08D611384991 /* 📦 Copy Pods Resources */,
			);
			buildRules = (
			);
			dependencies = (
				288E85F01DABDA8A00321F4D /* PBXTargetDependency */,
			);
			name = "RPG GameUITests";
			productName = "RPG GameUITests";
			productReference = 288E85EE1DABDA8A00321F4D /* RPG GameUITests.xctest */;
			productType = "com.apple.product-type.bundle.ui-testing";
		};
/* End PBXNativeTarget section */

/* Begin PBXProject section */
		288E85C21DABDA8A00321F4D /* Project object */ = {
			isa = PBXProject;
			attributes = {
				CLASSPREFIX = RPG;
				LastUpgradeCheck = 0730;
				ORGANIZATIONNAME = "RPG-team";
				TargetAttributes = {
					288E85C91DABDA8A00321F4D = {
						CreatedOnToolsVersion = 7.3.1;
						DevelopmentTeam = S62KPRX8XQ;
					};
					288E85E21DABDA8A00321F4D = {
						CreatedOnToolsVersion = 7.3.1;
						TestTargetID = 288E85C91DABDA8A00321F4D;
					};
					288E85ED1DABDA8A00321F4D = {
						CreatedOnToolsVersion = 7.3.1;
						TestTargetID = 288E85C91DABDA8A00321F4D;
					};
				};
			};
			buildConfigurationList = 288E85C51DABDA8A00321F4D /* Build configuration list for PBXProject "RPG Game" */;
			compatibilityVersion = "Xcode 3.2";
			developmentRegion = English;
			hasScannedForEncodings = 0;
			knownRegions = (
				en,
				Base,
			);
			mainGroup = 288E85C11DABDA8A00321F4D;
			productRefGroup = 288E85CB1DABDA8A00321F4D /* Products */;
			projectDirPath = "";
			projectRoot = "";
			targets = (
				288E85C91DABDA8A00321F4D /* RPG Game */,
				288E85E21DABDA8A00321F4D /* RPG GameTests */,
				288E85ED1DABDA8A00321F4D /* RPG GameUITests */,
			);
		};
/* End PBXProject section */

/* Begin PBXResourcesBuildPhase section */
		288E85C81DABDA8A00321F4D /* Resources */ = {
			isa = PBXResourcesBuildPhase;
			buildActionMask = 2147483647;
			files = (
				AED6F5771DACD641007ED1B8 /* RPGMainView.xib in Resources */,
				28149A1B1DB1011300C26881 /* RPGLoginViewController.xib in Resources */,
				AED6F5761DACD641007ED1B8 /* RPGBattleViewController.xib in Resources */,
				28149A1D1DB1011300C26881 /* RPGRegistrationViewController.xib in Resources */,
				288E85DD1DABDA8A00321F4D /* LaunchScreen.storyboard in Resources */,
				D0CFEE691DB65B6100C61D0B /* Sounds.bundle in Resources */,
				AED6F57F1DACD8D8007ED1B8 /* RPGQuestListViewController.xib in Resources */,
				AED6F5871DACDCAD007ED1B8 /* RPGQuestListTableViewCell.xib in Resources */,
				AED6F58C1DACECBD007ED1B8 /* RPGQuestViewController.xib in Resources */,
				2817233E1DB5005500F74403 /* RPGQuestProofImageViewController.xib in Resources */,
				288E85DA1DABDA8A00321F4D /* Assets.xcassets in Resources */,
				AED6F5791DACD641007ED1B8 /* RPGSettingsViewController.xib in Resources */,
			);
			runOnlyForDeploymentPostprocessing = 0;
		};
		288E85E11DABDA8A00321F4D /* Resources */ = {
			isa = PBXResourcesBuildPhase;
			buildActionMask = 2147483647;
			files = (
			);
			runOnlyForDeploymentPostprocessing = 0;
		};
		288E85EC1DABDA8A00321F4D /* Resources */ = {
			isa = PBXResourcesBuildPhase;
			buildActionMask = 2147483647;
			files = (
			);
			runOnlyForDeploymentPostprocessing = 0;
		};
/* End PBXResourcesBuildPhase section */

/* Begin PBXShellScriptBuildPhase section */
		520B73D55657C4B6218573A8 /* 📦 Embed Pods Frameworks */ = {
			isa = PBXShellScriptBuildPhase;
			buildActionMask = 2147483647;
			files = (
			);
			inputPaths = (
			);
			name = "📦 Embed Pods Frameworks";
			outputPaths = (
			);
			runOnlyForDeploymentPostprocessing = 0;
			shellPath = /bin/sh;
			shellScript = "\"${SRCROOT}/Pods/Target Support Files/Pods-RPG GameTests/Pods-RPG GameTests-frameworks.sh\"\n";
			showEnvVarsInLog = 0;
		};
		8B530ACAAEB6DFB82A0BB84E /* 📦 Embed Pods Frameworks */ = {
			isa = PBXShellScriptBuildPhase;
			buildActionMask = 2147483647;
			files = (
			);
			inputPaths = (
			);
			name = "📦 Embed Pods Frameworks";
			outputPaths = (
			);
			runOnlyForDeploymentPostprocessing = 0;
			shellPath = /bin/sh;
			shellScript = "\"${SRCROOT}/Pods/Target Support Files/Pods-RPG Game/Pods-RPG Game-frameworks.sh\"\n";
			showEnvVarsInLog = 0;
		};
		96E1935ACC3FAE91D6F02A10 /* 📦 Copy Pods Resources */ = {
			isa = PBXShellScriptBuildPhase;
			buildActionMask = 2147483647;
			files = (
			);
			inputPaths = (
			);
			name = "📦 Copy Pods Resources";
			outputPaths = (
			);
			runOnlyForDeploymentPostprocessing = 0;
			shellPath = /bin/sh;
			shellScript = "\"${SRCROOT}/Pods/Target Support Files/Pods-RPG GameTests/Pods-RPG GameTests-resources.sh\"\n";
			showEnvVarsInLog = 0;
		};
		BB4B8AE76E5C08D611384991 /* 📦 Copy Pods Resources */ = {
			isa = PBXShellScriptBuildPhase;
			buildActionMask = 2147483647;
			files = (
			);
			inputPaths = (
			);
			name = "📦 Copy Pods Resources";
			outputPaths = (
			);
			runOnlyForDeploymentPostprocessing = 0;
			shellPath = /bin/sh;
			shellScript = "\"${SRCROOT}/Pods/Target Support Files/Pods-RPG GameUITests/Pods-RPG GameUITests-resources.sh\"\n";
			showEnvVarsInLog = 0;
		};
		C7E41382EC6D294D4D0458BB /* 📦 Copy Pods Resources */ = {
			isa = PBXShellScriptBuildPhase;
			buildActionMask = 2147483647;
			files = (
			);
			inputPaths = (
			);
			name = "📦 Copy Pods Resources";
			outputPaths = (
			);
			runOnlyForDeploymentPostprocessing = 0;
			shellPath = /bin/sh;
			shellScript = "\"${SRCROOT}/Pods/Target Support Files/Pods-RPG Game/Pods-RPG Game-resources.sh\"\n";
			showEnvVarsInLog = 0;
		};
		D4D23F35D90D259EBFD5D3B9 /* 📦 Check Pods Manifest.lock */ = {
			isa = PBXShellScriptBuildPhase;
			buildActionMask = 2147483647;
			files = (
			);
			inputPaths = (
			);
			name = "📦 Check Pods Manifest.lock";
			outputPaths = (
			);
			runOnlyForDeploymentPostprocessing = 0;
			shellPath = /bin/sh;
			shellScript = "diff \"${PODS_ROOT}/../Podfile.lock\" \"${PODS_ROOT}/Manifest.lock\" > /dev/null\nif [[ $? != 0 ]] ; then\n    cat << EOM\nerror: The sandbox is not in sync with the Podfile.lock. Run 'pod install' or update your CocoaPods installation.\nEOM\n    exit 1\nfi\n";
			showEnvVarsInLog = 0;
		};
		D6441C71AA7D7F4358A055AA /* 📦 Check Pods Manifest.lock */ = {
			isa = PBXShellScriptBuildPhase;
			buildActionMask = 2147483647;
			files = (
			);
			inputPaths = (
			);
			name = "📦 Check Pods Manifest.lock";
			outputPaths = (
			);
			runOnlyForDeploymentPostprocessing = 0;
			shellPath = /bin/sh;
			shellScript = "diff \"${PODS_ROOT}/../Podfile.lock\" \"${PODS_ROOT}/Manifest.lock\" > /dev/null\nif [[ $? != 0 ]] ; then\n    cat << EOM\nerror: The sandbox is not in sync with the Podfile.lock. Run 'pod install' or update your CocoaPods installation.\nEOM\n    exit 1\nfi\n";
			showEnvVarsInLog = 0;
		};
		ED7179B799121BF053E9161F /* 📦 Check Pods Manifest.lock */ = {
			isa = PBXShellScriptBuildPhase;
			buildActionMask = 2147483647;
			files = (
			);
			inputPaths = (
			);
			name = "📦 Check Pods Manifest.lock";
			outputPaths = (
			);
			runOnlyForDeploymentPostprocessing = 0;
			shellPath = /bin/sh;
			shellScript = "diff \"${PODS_ROOT}/../Podfile.lock\" \"${PODS_ROOT}/Manifest.lock\" > /dev/null\nif [[ $? != 0 ]] ; then\n    cat << EOM\nerror: The sandbox is not in sync with the Podfile.lock. Run 'pod install' or update your CocoaPods installation.\nEOM\n    exit 1\nfi\n";
			showEnvVarsInLog = 0;
		};
/* End PBXShellScriptBuildPhase section */

/* Begin PBXSourcesBuildPhase section */
		288E85C61DABDA8A00321F4D /* Sources */ = {
			isa = PBXSourcesBuildPhase;
			buildActionMask = 2147483647;
			files = (
				D0CFEE761DB65C0100C61D0B /* AppleOpenALSupport.c in Sources */,
				281499F21DAFCC6200C26881 /* RPGAuthorizationLoginResponse.m in Sources */,
				283ADCF81DAD3CAB00BDC706 /* RPGRequest.m in Sources */,
				285231541DC0F089002F702B /* RPGBattle.m in Sources */,
				AED6F5781DACD641007ED1B8 /* RPGSettingsViewController.m in Sources */,
				28F102221DB7756500C969CA /* RPGUserSessionKeys.m in Sources */,
				2A8D9BA91DB252170026A5AB /* RPGRegistrationRequest+Serialization.m in Sources */,
				28149A1A1DB1011300C26881 /* RPGLoginViewController.m in Sources */,
				285231591DC0F089002F702B /* RPGPlayer+Serialization.m in Sources */,
				AE5E68011DBA773100715480 /* RPGQuestRequest.m in Sources */,
				28149A0D1DAFEF4F00C26881 /* RPGAuthorizationLogoutResponse+Serialization.m in Sources */,
				285231411DC0EB76002F702B /* RPGBattleConditionResponse+Serialization.m in Sources */,
				28A1F2661DC23DD400F9DF3A /* RPGSkillActionRequest+Serialization.m in Sources */,
				28149A041DAFCDE400C26881 /* RPGAuthorizationLogoutRequest.m in Sources */,
				281499F51DAFCC7800C26881 /* RPGAuthorizationLogoutResponse.m in Sources */,
				281499FD1DAFCCED00C26881 /* RPGAuthorizationLoginRequest.m in Sources */,
				D0CFEE781DB65C0100C61D0B /* CMOpenALSoundManager.m in Sources */,
				AED6F57E1DACD8D8007ED1B8 /* RPGQuestListViewController.m in Sources */,
				28149A1C1DB1011300C26881 /* RPGRegistrationViewController.m in Sources */,
				28A5A0DF1DB9186B000EF49F /* RPGQuest.m in Sources */,
				28A5A0E01DB9186B000EF49F /* RPGQuest+Serialization.m in Sources */,
				2852315A1DC0F089002F702B /* RPGSkill.m in Sources */,
				2817233D1DB5005500F74403 /* RPGQuestProofImageViewController.m in Sources */,
				AED6F5751DACD641007ED1B8 /* RPGBattleViewController.m in Sources */,
				2A8D9BA61DB164520026A5AB /* RPGRegistrationRequest.m in Sources */,
				2A8D9B9F1DB14B5A0026A5AB /* RPGTimeResponse.m in Sources */,
				283ADD0B1DAD48DA00BDC706 /* RPGBattleInitResponse.m in Sources */,
				28D175431DBA42B600A934ED /* RPGBattleManager.m in Sources */,
				2862B9AB1DB6243200FD05A5 /* RPGNetworkManager+Registration.m in Sources */,
				AE7B37E51DC0E43B00D105C5 /* RPGQuestReviewRequest.m in Sources */,
				28149A0A1DAFEF2B00C26881 /* RPGAuthorizationLoginResponse+Serialization.m in Sources */,
				AE7B37E81DC0E5BC00D105C5 /* RPGQuestReviewRequest+Serialization.m in Sources */,
				283ADCFB1DAD3CBA00BDC706 /* RPGResponse.m in Sources */,
				2862B9A81DB6234F00FD05A5 /* RPGNetworkManager+Authorization.m in Sources */,
				288E85D21DABDA8A00321F4D /* AppDelegate.m in Sources */,
				D0CFEE681DB65B6100C61D0B /* RPGSFXEngine.m in Sources */,
				288E85CF1DABDA8A00321F4D /* main.m in Sources */,
				2852315C1DC0F089002F702B /* RPGSkillActionRequest.m in Sources */,
				D0CFEE771DB65C0100C61D0B /* CMOpenALSound.m in Sources */,
				AE6D32DE1DB6343700F58878 /* RPGQuestListResponse+Serialization.m in Sources */,
				283ADCFE1DAD3D1C00BDC706 /* RPGNetworkManager.m in Sources */,
				2A8D9BA21DB1587C0026A5AB /* RPGTimeResponse+Serialization.m in Sources */,
				283ADD031DAD454000BDC706 /* RPGRequest+Serialization.m in Sources */,
				AE8076381DB5360400AF5E5B /* RPGQuestListResponse.m in Sources */,
				28A5A0E61DB91878000EF49F /* RPGQuestReward+Serialization.m in Sources */,
				D0CFEE791DB65C0100C61D0B /* RPGBackgroundMusicController.m in Sources */,
				28149A011DAFCD7000C26881 /* RPGAuthorizationLoginRequest+Serialization.m in Sources */,
				AED6F58B1DACECBD007ED1B8 /* RPGQuestViewController.m in Sources */,
				2852315B1DC0F089002F702B /* RPGSkill+Serialization.m in Sources */,
				280A52331DB7C64000FF66B8 /* RPGStatusCodes.m in Sources */,
				285231551DC0F089002F702B /* RPGBattleInitResponse+Serialization.m in Sources */,
				AE5E680A1DBA7EB900715480 /* RPGQuestResponse+Serialization.m in Sources */,
				28A309621DBF81DC0026459F /* NSUserDefaults+RPGVolumeSettings.m in Sources */,
				28149A101DB1007400C26881 /* RPGNibNames.m in Sources */,
				AE5E68041DBA78B200715480 /* RPGQuestRequest+Serialization.m in Sources */,
				285231561DC0F089002F702B /* RPGEntity.m in Sources */,
				283ADD0F1DAD502200BDC706 /* RPGBattleConditionResponse.m in Sources */,
				283ADD081DAD46EC00BDC706 /* RPGResponse+Serialization.m in Sources */,
				288E86021DABDADB00321F4D /* RPGMainViewController.m in Sources */,
				285231581DC0F089002F702B /* RPGPlayer.m in Sources */,
				28F102251DB7756C00C969CA /* NSUserDefaults+RPGSessionInfo.m in Sources */,
				AE5E68071DBA7EA300715480 /* RPGQuestResponse.m in Sources */,
				285231571DC0F089002F702B /* RPGEntity+Serialization.m in Sources */,
				AED6F5861DACDCAD007ED1B8 /* RPGQuestListTableViewCell.m in Sources */,
				28A5A0E51DB91878000EF49F /* RPGQuestReward.m in Sources */,
				28149A071DAFCF1C00C26881 /* RPGAuthorizationLogoutRequest+Serialization.m in Sources */,
				28A5A0D61DB8E95E000EF49F /* RPGNetworkManager+Quests.m in Sources */,
			);
			runOnlyForDeploymentPostprocessing = 0;
		};
		288E85DF1DABDA8A00321F4D /* Sources */ = {
			isa = PBXSourcesBuildPhase;
			buildActionMask = 2147483647;
			files = (
				288E85E81DABDA8A00321F4D /* RPG_GameTests.m in Sources */,
			);
			runOnlyForDeploymentPostprocessing = 0;
		};
		288E85EA1DABDA8A00321F4D /* Sources */ = {
			isa = PBXSourcesBuildPhase;
			buildActionMask = 2147483647;
			files = (
				288E85F31DABDA8A00321F4D /* RPG_GameUITests.m in Sources */,
			);
			runOnlyForDeploymentPostprocessing = 0;
		};
/* End PBXSourcesBuildPhase section */

/* Begin PBXTargetDependency section */
		288E85E51DABDA8A00321F4D /* PBXTargetDependency */ = {
			isa = PBXTargetDependency;
			target = 288E85C91DABDA8A00321F4D /* RPG Game */;
			targetProxy = 288E85E41DABDA8A00321F4D /* PBXContainerItemProxy */;
		};
		288E85F01DABDA8A00321F4D /* PBXTargetDependency */ = {
			isa = PBXTargetDependency;
			target = 288E85C91DABDA8A00321F4D /* RPG Game */;
			targetProxy = 288E85EF1DABDA8A00321F4D /* PBXContainerItemProxy */;
		};
/* End PBXTargetDependency section */

/* Begin PBXVariantGroup section */
		288E85DB1DABDA8A00321F4D /* LaunchScreen.storyboard */ = {
			isa = PBXVariantGroup;
			children = (
				288E85DC1DABDA8A00321F4D /* Base */,
			);
			name = LaunchScreen.storyboard;
			sourceTree = "<group>";
		};
/* End PBXVariantGroup section */

/* Begin XCBuildConfiguration section */
		288E85F51DABDA8A00321F4D /* Debug */ = {
			isa = XCBuildConfiguration;
			buildSettings = {
				ALWAYS_SEARCH_USER_PATHS = NO;
				CLANG_ANALYZER_NONNULL = YES;
				CLANG_CXX_LANGUAGE_STANDARD = "gnu++0x";
				CLANG_CXX_LIBRARY = "libc++";
				CLANG_ENABLE_MODULES = YES;
				CLANG_ENABLE_OBJC_ARC = YES;
				CLANG_WARN_BOOL_CONVERSION = YES;
				CLANG_WARN_CONSTANT_CONVERSION = YES;
				CLANG_WARN_DIRECT_OBJC_ISA_USAGE = YES_ERROR;
				CLANG_WARN_EMPTY_BODY = YES;
				CLANG_WARN_ENUM_CONVERSION = YES;
				CLANG_WARN_INT_CONVERSION = YES;
				CLANG_WARN_OBJC_ROOT_CLASS = YES_ERROR;
				CLANG_WARN_UNREACHABLE_CODE = YES;
				CLANG_WARN__DUPLICATE_METHOD_MATCH = YES;
				"CODE_SIGN_IDENTITY[sdk=iphoneos*]" = "iPhone Developer";
				COPY_PHASE_STRIP = NO;
				DEBUG_INFORMATION_FORMAT = dwarf;
				ENABLE_STRICT_OBJC_MSGSEND = YES;
				ENABLE_TESTABILITY = YES;
				GCC_C_LANGUAGE_STANDARD = gnu99;
				GCC_DYNAMIC_NO_PIC = NO;
				GCC_NO_COMMON_BLOCKS = YES;
				GCC_OPTIMIZATION_LEVEL = 0;
				GCC_PREPROCESSOR_DEFINITIONS = (
					"DEBUG=1",
					"$(inherited)",
				);
				GCC_WARN_64_TO_32_BIT_CONVERSION = YES;
				GCC_WARN_ABOUT_RETURN_TYPE = YES_ERROR;
				GCC_WARN_UNDECLARED_SELECTOR = YES;
				GCC_WARN_UNINITIALIZED_AUTOS = YES_AGGRESSIVE;
				GCC_WARN_UNUSED_FUNCTION = YES;
				GCC_WARN_UNUSED_VARIABLE = YES;
				IPHONEOS_DEPLOYMENT_TARGET = 9.3;
				MTL_ENABLE_DEBUG_INFO = YES;
				ONLY_ACTIVE_ARCH = YES;
				SDKROOT = iphoneos;
				TARGETED_DEVICE_FAMILY = "1,2";
			};
			name = Debug;
		};
		288E85F61DABDA8A00321F4D /* Release */ = {
			isa = XCBuildConfiguration;
			buildSettings = {
				ALWAYS_SEARCH_USER_PATHS = NO;
				CLANG_ANALYZER_NONNULL = YES;
				CLANG_CXX_LANGUAGE_STANDARD = "gnu++0x";
				CLANG_CXX_LIBRARY = "libc++";
				CLANG_ENABLE_MODULES = YES;
				CLANG_ENABLE_OBJC_ARC = YES;
				CLANG_WARN_BOOL_CONVERSION = YES;
				CLANG_WARN_CONSTANT_CONVERSION = YES;
				CLANG_WARN_DIRECT_OBJC_ISA_USAGE = YES_ERROR;
				CLANG_WARN_EMPTY_BODY = YES;
				CLANG_WARN_ENUM_CONVERSION = YES;
				CLANG_WARN_INT_CONVERSION = YES;
				CLANG_WARN_OBJC_ROOT_CLASS = YES_ERROR;
				CLANG_WARN_UNREACHABLE_CODE = YES;
				CLANG_WARN__DUPLICATE_METHOD_MATCH = YES;
				"CODE_SIGN_IDENTITY[sdk=iphoneos*]" = "iPhone Developer";
				COPY_PHASE_STRIP = NO;
				DEBUG_INFORMATION_FORMAT = "dwarf-with-dsym";
				ENABLE_NS_ASSERTIONS = NO;
				ENABLE_STRICT_OBJC_MSGSEND = YES;
				GCC_C_LANGUAGE_STANDARD = gnu99;
				GCC_NO_COMMON_BLOCKS = YES;
				GCC_WARN_64_TO_32_BIT_CONVERSION = YES;
				GCC_WARN_ABOUT_RETURN_TYPE = YES_ERROR;
				GCC_WARN_UNDECLARED_SELECTOR = YES;
				GCC_WARN_UNINITIALIZED_AUTOS = YES_AGGRESSIVE;
				GCC_WARN_UNUSED_FUNCTION = YES;
				GCC_WARN_UNUSED_VARIABLE = YES;
				IPHONEOS_DEPLOYMENT_TARGET = 9.3;
				MTL_ENABLE_DEBUG_INFO = NO;
				SDKROOT = iphoneos;
				TARGETED_DEVICE_FAMILY = "1,2";
				VALIDATE_PRODUCT = YES;
			};
			name = Release;
		};
		288E85F81DABDA8A00321F4D /* Debug */ = {
			isa = XCBuildConfiguration;
			baseConfigurationReference = 0AFAFE83BF61093CEFA12B51 /* Pods-RPG Game.debug.xcconfig */;
			buildSettings = {
				ASSETCATALOG_COMPILER_APPICON_NAME = AppIcon;
				CLANG_ENABLE_OBJC_ARC = NO;
				CODE_SIGN_IDENTITY = "iPhone Developer";
				"CODE_SIGN_IDENTITY[sdk=iphoneos*]" = "iPhone Developer";
				INFOPLIST_FILE = "RPG Game/Info.plist";
				IPHONEOS_DEPLOYMENT_TARGET = 8.0;
				LD_RUNPATH_SEARCH_PATHS = "$(inherited) @executable_path/Frameworks";
				PRODUCT_BUNDLE_IDENTIFIER = "com.my-app-11.app.zeo.RPG-team.RPG-Game";
				PRODUCT_NAME = "$(TARGET_NAME)";
				PROVISIONING_PROFILE = "";
			};
			name = Debug;
		};
		288E85F91DABDA8A00321F4D /* Release */ = {
			isa = XCBuildConfiguration;
			baseConfigurationReference = 9864644C8038713EF8524DC8 /* Pods-RPG Game.release.xcconfig */;
			buildSettings = {
				ASSETCATALOG_COMPILER_APPICON_NAME = AppIcon;
				CLANG_ENABLE_OBJC_ARC = NO;
				CODE_SIGN_IDENTITY = "iPhone Developer";
				"CODE_SIGN_IDENTITY[sdk=iphoneos*]" = "iPhone Developer";
				INFOPLIST_FILE = "RPG Game/Info.plist";
				IPHONEOS_DEPLOYMENT_TARGET = 8.0;
				LD_RUNPATH_SEARCH_PATHS = "$(inherited) @executable_path/Frameworks";
				PRODUCT_BUNDLE_IDENTIFIER = "com.my-app-11.app.zeo.RPG-team.RPG-Game";
				PRODUCT_NAME = "$(TARGET_NAME)";
				PROVISIONING_PROFILE = "";
			};
			name = Release;
		};
		288E85FB1DABDA8A00321F4D /* Debug */ = {
			isa = XCBuildConfiguration;
			baseConfigurationReference = D152597090E5403B60AB645B /* Pods-RPG GameTests.debug.xcconfig */;
			buildSettings = {
				BUNDLE_LOADER = "$(TEST_HOST)";
				INFOPLIST_FILE = "RPG GameTests/Info.plist";
				LD_RUNPATH_SEARCH_PATHS = "$(inherited) @executable_path/Frameworks @loader_path/Frameworks";
				PRODUCT_BUNDLE_IDENTIFIER = "com.zeo.RPG-team.RPG-GameTests";
				PRODUCT_NAME = "$(TARGET_NAME)";
				TEST_HOST = "$(BUILT_PRODUCTS_DIR)/RPG Game.app/RPG Game";
			};
			name = Debug;
		};
		288E85FC1DABDA8A00321F4D /* Release */ = {
			isa = XCBuildConfiguration;
			baseConfigurationReference = 134A9863E9725FDBC6942939 /* Pods-RPG GameTests.release.xcconfig */;
			buildSettings = {
				BUNDLE_LOADER = "$(TEST_HOST)";
				INFOPLIST_FILE = "RPG GameTests/Info.plist";
				LD_RUNPATH_SEARCH_PATHS = "$(inherited) @executable_path/Frameworks @loader_path/Frameworks";
				PRODUCT_BUNDLE_IDENTIFIER = "com.zeo.RPG-team.RPG-GameTests";
				PRODUCT_NAME = "$(TARGET_NAME)";
				TEST_HOST = "$(BUILT_PRODUCTS_DIR)/RPG Game.app/RPG Game";
			};
			name = Release;
		};
		288E85FE1DABDA8A00321F4D /* Debug */ = {
			isa = XCBuildConfiguration;
			baseConfigurationReference = F6D4CAB61431492EB7A0347B /* Pods-RPG GameUITests.debug.xcconfig */;
			buildSettings = {
				INFOPLIST_FILE = "RPG GameUITests/Info.plist";
				LD_RUNPATH_SEARCH_PATHS = "$(inherited) @executable_path/Frameworks @loader_path/Frameworks";
				PRODUCT_BUNDLE_IDENTIFIER = "com.zeo.RPG-team.RPG-GameUITests";
				PRODUCT_NAME = "$(TARGET_NAME)";
				TEST_TARGET_NAME = "RPG Game";
			};
			name = Debug;
		};
		288E85FF1DABDA8A00321F4D /* Release */ = {
			isa = XCBuildConfiguration;
			baseConfigurationReference = 810370191D8BD309214BF556 /* Pods-RPG GameUITests.release.xcconfig */;
			buildSettings = {
				INFOPLIST_FILE = "RPG GameUITests/Info.plist";
				LD_RUNPATH_SEARCH_PATHS = "$(inherited) @executable_path/Frameworks @loader_path/Frameworks";
				PRODUCT_BUNDLE_IDENTIFIER = "com.zeo.RPG-team.RPG-GameUITests";
				PRODUCT_NAME = "$(TARGET_NAME)";
				TEST_TARGET_NAME = "RPG Game";
			};
			name = Release;
		};
/* End XCBuildConfiguration section */

/* Begin XCConfigurationList section */
		288E85C51DABDA8A00321F4D /* Build configuration list for PBXProject "RPG Game" */ = {
			isa = XCConfigurationList;
			buildConfigurations = (
				288E85F51DABDA8A00321F4D /* Debug */,
				288E85F61DABDA8A00321F4D /* Release */,
			);
			defaultConfigurationIsVisible = 0;
			defaultConfigurationName = Release;
		};
		288E85F71DABDA8A00321F4D /* Build configuration list for PBXNativeTarget "RPG Game" */ = {
			isa = XCConfigurationList;
			buildConfigurations = (
				288E85F81DABDA8A00321F4D /* Debug */,
				288E85F91DABDA8A00321F4D /* Release */,
			);
			defaultConfigurationIsVisible = 0;
			defaultConfigurationName = Release;
		};
		288E85FA1DABDA8A00321F4D /* Build configuration list for PBXNativeTarget "RPG GameTests" */ = {
			isa = XCConfigurationList;
			buildConfigurations = (
				288E85FB1DABDA8A00321F4D /* Debug */,
				288E85FC1DABDA8A00321F4D /* Release */,
			);
			defaultConfigurationIsVisible = 0;
			defaultConfigurationName = Release;
		};
		288E85FD1DABDA8A00321F4D /* Build configuration list for PBXNativeTarget "RPG GameUITests" */ = {
			isa = XCConfigurationList;
			buildConfigurations = (
				288E85FE1DABDA8A00321F4D /* Debug */,
				288E85FF1DABDA8A00321F4D /* Release */,
			);
			defaultConfigurationIsVisible = 0;
			defaultConfigurationName = Release;
		};
/* End XCConfigurationList section */
	};
	rootObject = 288E85C21DABDA8A00321F4D /* Project object */;
}
